// !$*UTF8*$!
{
	archiveVersion = 1;
	classes = {
	};
	objectVersion = 46;
	objects = {

/* Begin PBXBuildFile section */
		2743EB6B1DCB2848009123B9 /* AppDelegate.swift in Sources */ = {isa = PBXBuildFile; fileRef = 2743EB6A1DCB2848009123B9 /* AppDelegate.swift */; };
		2743EB6D1DCB2848009123B9 /* ViewController.swift in Sources */ = {isa = PBXBuildFile; fileRef = 2743EB6C1DCB2848009123B9 /* ViewController.swift */; };
		2743EB701DCB2848009123B9 /* Main.storyboard in Resources */ = {isa = PBXBuildFile; fileRef = 2743EB6E1DCB2848009123B9 /* Main.storyboard */; };
		2743EB721DCB2848009123B9 /* Assets.xcassets in Resources */ = {isa = PBXBuildFile; fileRef = 2743EB711DCB2848009123B9 /* Assets.xcassets */; };
		2743EB751DCB2848009123B9 /* LaunchScreen.storyboard in Resources */ = {isa = PBXBuildFile; fileRef = 2743EB731DCB2848009123B9 /* LaunchScreen.storyboard */; };
		2743EB801DCB2848009123B9 /* to_do_listTests.swift in Sources */ = {isa = PBXBuildFile; fileRef = 2743EB7F1DCB2848009123B9 /* to_do_listTests.swift */; };
		2743EB8B1DCB2848009123B9 /* to_do_listUITests.swift in Sources */ = {isa = PBXBuildFile; fileRef = 2743EB8A1DCB2848009123B9 /* to_do_listUITests.swift */; };
/* End PBXBuildFile section */

/* Begin PBXContainerItemProxy section */
		2743EB7C1DCB2848009123B9 /* PBXContainerItemProxy */ = {
			isa = PBXContainerItemProxy;
			containerPortal = 2743EB5F1DCB2848009123B9 /* Project object */;
			proxyType = 1;
			remoteGlobalIDString = 2743EB661DCB2848009123B9;
			remoteInfo = to_do_list;
		};
		2743EB871DCB2848009123B9 /* PBXContainerItemProxy */ = {
			isa = PBXContainerItemProxy;
			containerPortal = 2743EB5F1DCB2848009123B9 /* Project object */;
			proxyType = 1;
			remoteGlobalIDString = 2743EB661DCB2848009123B9;
			remoteInfo = to_do_list;
		};
/* End PBXContainerItemProxy section */

/* Begin PBXFileReference section */
		2743EB671DCB2848009123B9 /* to_do_list.app */ = {isa = PBXFileReference; explicitFileType = wrapper.application; includeInIndex = 0; path = to_do_list.app; sourceTree = BUILT_PRODUCTS_DIR; };
		2743EB6A1DCB2848009123B9 /* AppDelegate.swift */ = {isa = PBXFileReference; lastKnownFileType = sourcecode.swift; path = AppDelegate.swift; sourceTree = "<group>"; };
		2743EB6C1DCB2848009123B9 /* ViewController.swift */ = {isa = PBXFileReference; lastKnownFileType = sourcecode.swift; path = ViewController.swift; sourceTree = "<group>"; };
		2743EB6F1DCB2848009123B9 /* Base */ = {isa = PBXFileReference; lastKnownFileType = file.storyboard; name = Base; path = Base.lproj/Main.storyboard; sourceTree = "<group>"; };
		2743EB711DCB2848009123B9 /* Assets.xcassets */ = {isa = PBXFileReference; lastKnownFileType = folder.assetcatalog; path = Assets.xcassets; sourceTree = "<group>"; };
		2743EB741DCB2848009123B9 /* Base */ = {isa = PBXFileReference; lastKnownFileType = file.storyboard; name = Base; path = Base.lproj/LaunchScreen.storyboard; sourceTree = "<group>"; };
		2743EB761DCB2848009123B9 /* Info.plist */ = {isa = PBXFileReference; lastKnownFileType = text.plist.xml; path = Info.plist; sourceTree = "<group>"; };
		2743EB7B1DCB2848009123B9 /* to_do_listTests.xctest */ = {isa = PBXFileReference; explicitFileType = wrapper.cfbundle; includeInIndex = 0; path = to_do_listTests.xctest; sourceTree = BUILT_PRODUCTS_DIR; };
		2743EB7F1DCB2848009123B9 /* to_do_listTests.swift */ = {isa = PBXFileReference; lastKnownFileType = sourcecode.swift; path = to_do_listTests.swift; sourceTree = "<group>"; };
		2743EB811DCB2848009123B9 /* Info.plist */ = {isa = PBXFileReference; lastKnownFileType = text.plist.xml; path = Info.plist; sourceTree = "<group>"; };
		2743EB861DCB2848009123B9 /* to_do_listUITests.xctest */ = {isa = PBXFileReference; explicitFileType = wrapper.cfbundle; includeInIndex = 0; path = to_do_listUITests.xctest; sourceTree = BUILT_PRODUCTS_DIR; };
		2743EB8A1DCB2848009123B9 /* to_do_listUITests.swift */ = {isa = PBXFileReference; lastKnownFileType = sourcecode.swift; path = to_do_listUITests.swift; sourceTree = "<group>"; };
		2743EB8C1DCB2848009123B9 /* Info.plist */ = {isa = PBXFileReference; lastKnownFileType = text.plist.xml; path = Info.plist; sourceTree = "<group>"; };
/* End PBXFileReference section */

/* Begin PBXFrameworksBuildPhase section */
		2743EB641DCB2848009123B9 /* Frameworks */ = {
			isa = PBXFrameworksBuildPhase;
			buildActionMask = 2147483647;
			files = (
			);
			runOnlyForDeploymentPostprocessing = 0;
		};
		2743EB781DCB2848009123B9 /* Frameworks */ = {
			isa = PBXFrameworksBuildPhase;
			buildActionMask = 2147483647;
			files = (
			);
			runOnlyForDeploymentPostprocessing = 0;
		};
		2743EB831DCB2848009123B9 /* Frameworks */ = {
			isa = PBXFrameworksBuildPhase;
			buildActionMask = 2147483647;
			files = (
			);
			runOnlyForDeploymentPostprocessing = 0;
		};
/* End PBXFrameworksBuildPhase section */

/* Begin PBXGroup section */
		2743EB5E1DCB2848009123B9 = {
			isa = PBXGroup;
			children = (
				2743EB691DCB2848009123B9 /* to_do_list */,
				2743EB7E1DCB2848009123B9 /* to_do_listTests */,
				2743EB891DCB2848009123B9 /* to_do_listUITests */,
				2743EB681DCB2848009123B9 /* Products */,
			);
			sourceTree = "<group>";
		};
		2743EB681DCB2848009123B9 /* Products */ = {
			isa = PBXGroup;
			children = (
				2743EB671DCB2848009123B9 /* to_do_list.app */,
				2743EB7B1DCB2848009123B9 /* to_do_listTests.xctest */,
				2743EB861DCB2848009123B9 /* to_do_listUITests.xctest */,
			);
			name = Products;
			sourceTree = "<group>";
		};
		2743EB691DCB2848009123B9 /* to_do_list */ = {
			isa = PBXGroup;
			children = (
				2743EB6A1DCB2848009123B9 /* AppDelegate.swift */,
				2743EB6C1DCB2848009123B9 /* ViewController.swift */,
				2743EB6E1DCB2848009123B9 /* Main.storyboard */,
				2743EB711DCB2848009123B9 /* Assets.xcassets */,
				2743EB731DCB2848009123B9 /* LaunchScreen.storyboard */,
				2743EB761DCB2848009123B9 /* Info.plist */,
			);
			path = to_do_list;
			sourceTree = "<group>";
		};
		2743EB7E1DCB2848009123B9 /* to_do_listTests */ = {
			isa = PBXGroup;
			children = (
				2743EB7F1DCB2848009123B9 /* to_do_listTests.swift */,
				2743EB811DCB2848009123B9 /* Info.plist */,
			);
			path = to_do_listTests;
			sourceTree = "<group>";
		};
		2743EB891DCB2848009123B9 /* to_do_listUITests */ = {
			isa = PBXGroup;
			children = (
				2743EB8A1DCB2848009123B9 /* to_do_listUITests.swift */,
				2743EB8C1DCB2848009123B9 /* Info.plist */,
			);
			path = to_do_listUITests;
			sourceTree = "<group>";
		};
/* End PBXGroup section */

/* Begin PBXNativeTarget section */
		2743EB661DCB2848009123B9 /* to_do_list */ = {
			isa = PBXNativeTarget;
			buildConfigurationList = 2743EB8F1DCB2848009123B9 /* Build configuration list for PBXNativeTarget "to_do_list" */;
			buildPhases = (
				2743EB631DCB2848009123B9 /* Sources */,
				2743EB641DCB2848009123B9 /* Frameworks */,
				2743EB651DCB2848009123B9 /* Resources */,
			);
			buildRules = (
			);
			dependencies = (
			);
			name = to_do_list;
			productName = to_do_list;
			productReference = 2743EB671DCB2848009123B9 /* to_do_list.app */;
			productType = "com.apple.product-type.application";
		};
		2743EB7A1DCB2848009123B9 /* to_do_listTests */ = {
			isa = PBXNativeTarget;
			buildConfigurationList = 2743EB921DCB2848009123B9 /* Build configuration list for PBXNativeTarget "to_do_listTests" */;
			buildPhases = (
				2743EB771DCB2848009123B9 /* Sources */,
				2743EB781DCB2848009123B9 /* Frameworks */,
				2743EB791DCB2848009123B9 /* Resources */,
			);
			buildRules = (
			);
			dependencies = (
				2743EB7D1DCB2848009123B9 /* PBXTargetDependency */,
			);
			name = to_do_listTests;
			productName = to_do_listTests;
			productReference = 2743EB7B1DCB2848009123B9 /* to_do_listTests.xctest */;
			productType = "com.apple.product-type.bundle.unit-test";
		};
		2743EB851DCB2848009123B9 /* to_do_listUITests */ = {
			isa = PBXNativeTarget;
			buildConfigurationList = 2743EB951DCB2848009123B9 /* Build configuration list for PBXNativeTarget "to_do_listUITests" */;
			buildPhases = (
				2743EB821DCB2848009123B9 /* Sources */,
				2743EB831DCB2848009123B9 /* Frameworks */,
				2743EB841DCB2848009123B9 /* Resources */,
			);
			buildRules = (
			);
			dependencies = (
				2743EB881DCB2848009123B9 /* PBXTargetDependency */,
			);
			name = to_do_listUITests;
			productName = to_do_listUITests;
			productReference = 2743EB861DCB2848009123B9 /* to_do_listUITests.xctest */;
			productType = "com.apple.product-type.bundle.ui-testing";
		};
/* End PBXNativeTarget section */

/* Begin PBXProject section */
		2743EB5F1DCB2848009123B9 /* Project object */ = {
			isa = PBXProject;
			attributes = {
				LastSwiftUpdateCheck = 0810;
				LastUpgradeCheck = 0810;
				ORGANIZATIONNAME = "Minh Pham";
				TargetAttributes = {
					2743EB661DCB2848009123B9 = {
						CreatedOnToolsVersion = 8.1;
						ProvisioningStyle = Automatic;
					};
					2743EB7A1DCB2848009123B9 = {
						CreatedOnToolsVersion = 8.1;
						ProvisioningStyle = Automatic;
						TestTargetID = 2743EB661DCB2848009123B9;
					};
					2743EB851DCB2848009123B9 = {
						CreatedOnToolsVersion = 8.1;
						ProvisioningStyle = Automatic;
						TestTargetID = 2743EB661DCB2848009123B9;
					};
				};
			};
			buildConfigurationList = 2743EB621DCB2848009123B9 /* Build configuration list for PBXProject "to_do_list" */;
			compatibilityVersion = "Xcode 3.2";
			developmentRegion = English;
			hasScannedForEncodings = 0;
			knownRegions = (
				en,
				Base,
			);
			mainGroup = 2743EB5E1DCB2848009123B9;
			productRefGroup = 2743EB681DCB2848009123B9 /* Products */;
			projectDirPath = "";
			projectRoot = "";
			targets = (
				2743EB661DCB2848009123B9 /* to_do_list */,
				2743EB7A1DCB2848009123B9 /* to_do_listTests */,
				2743EB851DCB2848009123B9 /* to_do_listUITests */,
			);
		};
/* End PBXProject section */

/* Begin PBXResourcesBuildPhase section */
		2743EB651DCB2848009123B9 /* Resources */ = {
			isa = PBXResourcesBuildPhase;
			buildActionMask = 2147483647;
			files = (
				2743EB751DCB2848009123B9 /* LaunchScreen.storyboard in Resources */,
				2743EB721DCB2848009123B9 /* Assets.xcassets in Resources */,
				2743EB701DCB2848009123B9 /* Main.storyboard in Resources */,
			);
			runOnlyForDeploymentPostprocessing = 0;
		};
		2743EB791DCB2848009123B9 /* Resources */ = {
			isa = PBXResourcesBuildPhase;
			buildActionMask = 2147483647;
			files = (
			);
			runOnlyForDeploymentPostprocessing = 0;
		};
		2743EB841DCB2848009123B9 /* Resources */ = {
			isa = PBXResourcesBuildPhase;
			buildActionMask = 2147483647;
			files = (
			);
			runOnlyForDeploymentPostprocessing = 0;
		};
/* End PBXResourcesBuildPhase section */

/* Begin PBXSourcesBuildPhase section */
		2743EB631DCB2848009123B9 /* Sources */ = {
			isa = PBXSourcesBuildPhase;
			buildActionMask = 2147483647;
			files = (
				2743EB6D1DCB2848009123B9 /* ViewController.swift in Sources */,
				2743EB6B1DCB2848009123B9 /* AppDelegate.swift in Sources */,
			);
			runOnlyForDeploymentPostprocessing = 0;
		};
		2743EB771DCB2848009123B9 /* Sources */ = {
			isa = PBXSourcesBuildPhase;
			buildActionMask = 2147483647;
			files = (
				2743EB801DCB2848009123B9 /* to_do_listTests.swift in Sources */,
			);
			runOnlyForDeploymentPostprocessing = 0;
		};
		2743EB821DCB2848009123B9 /* Sources */ = {
			isa = PBXSourcesBuildPhase;
			buildActionMask = 2147483647;
			files = (
				2743EB8B1DCB2848009123B9 /* to_do_listUITests.swift in Sources */,
			);
			runOnlyForDeploymentPostprocessing = 0;
		};
/* End PBXSourcesBuildPhase section */

/* Begin PBXTargetDependency section */
		2743EB7D1DCB2848009123B9 /* PBXTargetDependency */ = {
			isa = PBXTargetDependency;
			target = 2743EB661DCB2848009123B9 /* to_do_list */;
			targetProxy = 2743EB7C1DCB2848009123B9 /* PBXContainerItemProxy */;
		};
		2743EB881DCB2848009123B9 /* PBXTargetDependency */ = {
			isa = PBXTargetDependency;
			target = 2743EB661DCB2848009123B9 /* to_do_list */;
			targetProxy = 2743EB871DCB2848009123B9 /* PBXContainerItemProxy */;
		};
/* End PBXTargetDependency section */

/* Begin PBXVariantGroup section */
		2743EB6E1DCB2848009123B9 /* Main.storyboard */ = {
			isa = PBXVariantGroup;
			children = (
				2743EB6F1DCB2848009123B9 /* Base */,
			);
			name = Main.storyboard;
			sourceTree = "<group>";
		};
		2743EB731DCB2848009123B9 /* LaunchScreen.storyboard */ = {
			isa = PBXVariantGroup;
			children = (
				2743EB741DCB2848009123B9 /* Base */,
			);
			name = LaunchScreen.storyboard;
			sourceTree = "<group>";
		};
/* End PBXVariantGroup section */

/* Begin XCBuildConfiguration section */
		2743EB8D1DCB2848009123B9 /* Debug */ = {
			isa = XCBuildConfiguration;
			buildSettings = {
				ALWAYS_SEARCH_USER_PATHS = NO;
				CLANG_ANALYZER_NONNULL = YES;
				CLANG_CXX_LANGUAGE_STANDARD = "gnu++0x";
				CLANG_CXX_LIBRARY = "libc++";
				CLANG_ENABLE_MODULES = YES;
				CLANG_ENABLE_OBJC_ARC = YES;
				CLANG_WARN_BOOL_CONVERSION = YES;
				CLANG_WARN_CONSTANT_CONVERSION = YES;
				CLANG_WARN_DIRECT_OBJC_ISA_USAGE = YES_ERROR;
				CLANG_WARN_DOCUMENTATION_COMMENTS = YES;
				CLANG_WARN_EMPTY_BODY = YES;
				CLANG_WARN_ENUM_CONVERSION = YES;
				CLANG_WARN_INFINITE_RECURSION = YES;
				CLANG_WARN_INT_CONVERSION = YES;
				CLANG_WARN_OBJC_ROOT_CLASS = YES_ERROR;
				CLANG_WARN_SUSPICIOUS_MOVES = YES;
				CLANG_WARN_UNREACHABLE_CODE = YES;
				CLANG_WARN__DUPLICATE_METHOD_MATCH = YES;
				"CODE_SIGN_IDENTITY[sdk=iphoneos*]" = "iPhone Developer";
				COPY_PHASE_STRIP = NO;
				DEBUG_INFORMATION_FORMAT = dwarf;
				ENABLE_STRICT_OBJC_MSGSEND = YES;
				ENABLE_TESTABILITY = YES;
				GCC_C_LANGUAGE_STANDARD = gnu99;
				GCC_DYNAMIC_NO_PIC = NO;
				GCC_NO_COMMON_BLOCKS = YES;
				GCC_OPTIMIZATION_LEVEL = 0;
				GCC_PREPROCESSOR_DEFINITIONS = (
					"DEBUG=1",
					"$(inherited)",
				);
				GCC_WARN_64_TO_32_BIT_CONVERSION = YES;
				GCC_WARN_ABOUT_RETURN_TYPE = YES_ERROR;
				GCC_WARN_UNDECLARED_SELECTOR = YES;
				GCC_WARN_UNINITIALIZED_AUTOS = YES_AGGRESSIVE;
				GCC_WARN_UNUSED_FUNCTION = YES;
				GCC_WARN_UNUSED_VARIABLE = YES;
				IPHONEOS_DEPLOYMENT_TARGET = 10.1;
				MTL_ENABLE_DEBUG_INFO = YES;
				ONLY_ACTIVE_ARCH = YES;
				SDKROOT = iphoneos;
				SWIFT_ACTIVE_COMPILATION_CONDITIONS = DEBUG;
				SWIFT_OPTIMIZATION_LEVEL = "-Onone";
				TARGETED_DEVICE_FAMILY = "1,2";
			};
			name = Debug;
		};
		2743EB8E1DCB2848009123B9 /* Release */ = {
			isa = XCBuildConfiguration;
			buildSettings = {
				ALWAYS_SEARCH_USER_PATHS = NO;
				CLANG_ANALYZER_NONNULL = YES;
				CLANG_CXX_LANGUAGE_STANDARD = "gnu++0x";
				CLANG_CXX_LIBRARY = "libc++";
				CLANG_ENABLE_MODULES = YES;
				CLANG_ENABLE_OBJC_ARC = YES;
				CLANG_WARN_BOOL_CONVERSION = YES;
				CLANG_WARN_CONSTANT_CONVERSION = YES;
				CLANG_WARN_DIRECT_OBJC_ISA_USAGE = YES_ERROR;
				CLANG_WARN_DOCUMENTATION_COMMENTS = YES;
				CLANG_WARN_EMPTY_BODY = YES;
				CLANG_WARN_ENUM_CONVERSION = YES;
				CLANG_WARN_INFINITE_RECURSION = YES;
				CLANG_WARN_INT_CONVERSION = YES;
				CLANG_WARN_OBJC_ROOT_CLASS = YES_ERROR;
				CLANG_WARN_SUSPICIOUS_MOVES = YES;
				CLANG_WARN_UNREACHABLE_CODE = YES;
				CLANG_WARN__DUPLICATE_METHOD_MATCH = YES;
				"CODE_SIGN_IDENTITY[sdk=iphoneos*]" = "iPhone Developer";
				COPY_PHASE_STRIP = NO;
				DEBUG_INFORMATION_FORMAT = "dwarf-with-dsym";
				ENABLE_NS_ASSERTIONS = NO;
				ENABLE_STRICT_OBJC_MSGSEND = YES;
				GCC_C_LANGUAGE_STANDARD = gnu99;
				GCC_NO_COMMON_BLOCKS = YES;
				GCC_WARN_64_TO_32_BIT_CONVERSION = YES;
				GCC_WARN_ABOUT_RETURN_TYPE = YES_ERROR;
				GCC_WARN_UNDECLARED_SELECTOR = YES;
				GCC_WARN_UNINITIALIZED_AUTOS = YES_AGGRESSIVE;
				GCC_WARN_UNUSED_FUNCTION = YES;
				GCC_WARN_UNUSED_VARIABLE = YES;
				IPHONEOS_DEPLOYMENT_TARGET = 10.1;
				MTL_ENABLE_DEBUG_INFO = NO;
				SDKROOT = iphoneos;
				SWIFT_OPTIMIZATION_LEVEL = "-Owholemodule";
				TARGETED_DEVICE_FAMILY = "1,2";
				VALIDATE_PRODUCT = YES;
			};
			name = Release;
		};
		2743EB901DCB2848009123B9 /* Debug */ = {
			isa = XCBuildConfiguration;
			buildSettings = {
				ASSETCATALOG_COMPILER_APPICON_NAME = AppIcon;
				INFOPLIST_FILE = to_do_list/Info.plist;
				LD_RUNPATH_SEARCH_PATHS = "$(inherited) @executable_path/Frameworks";
				PRODUCT_BUNDLE_IDENTIFIER = "intro-to-ios.to-do-list";
				PRODUCT_NAME = "$(TARGET_NAME)";
				SWIFT_VERSION = 3.0;
			};
			name = Debug;
		};
		2743EB911DCB2848009123B9 /* Release */ = {
			isa = XCBuildConfiguration;
			buildSettings = {
				ASSETCATALOG_COMPILER_APPICON_NAME = AppIcon;
				INFOPLIST_FILE = to_do_list/Info.plist;
				LD_RUNPATH_SEARCH_PATHS = "$(inherited) @executable_path/Frameworks";
				PRODUCT_BUNDLE_IDENTIFIER = "intro-to-ios.to-do-list";
				PRODUCT_NAME = "$(TARGET_NAME)";
				SWIFT_VERSION = 3.0;
			};
			name = Release;
		};
		2743EB931DCB2848009123B9 /* Debug */ = {
			isa = XCBuildConfiguration;
			buildSettings = {
				ALWAYS_EMBED_SWIFT_STANDARD_LIBRARIES = YES;
				BUNDLE_LOADER = "$(TEST_HOST)";
				INFOPLIST_FILE = to_do_listTests/Info.plist;
				LD_RUNPATH_SEARCH_PATHS = "$(inherited) @executable_path/Frameworks @loader_path/Frameworks";
				PRODUCT_BUNDLE_IDENTIFIER = "intro-to-ios.to-do-listTests";
				PRODUCT_NAME = "$(TARGET_NAME)";
				SWIFT_VERSION = 3.0;
				TEST_HOST = "$(BUILT_PRODUCTS_DIR)/to_do_list.app/to_do_list";
			};
			name = Debug;
		};
		2743EB941DCB2848009123B9 /* Release */ = {
			isa = XCBuildConfiguration;
			buildSettings = {
				ALWAYS_EMBED_SWIFT_STANDARD_LIBRARIES = YES;
				BUNDLE_LOADER = "$(TEST_HOST)";
				INFOPLIST_FILE = to_do_listTests/Info.plist;
				LD_RUNPATH_SEARCH_PATHS = "$(inherited) @executable_path/Frameworks @loader_path/Frameworks";
				PRODUCT_BUNDLE_IDENTIFIER = "intro-to-ios.to-do-listTests";
				PRODUCT_NAME = "$(TARGET_NAME)";
				SWIFT_VERSION = 3.0;
				TEST_HOST = "$(BUILT_PRODUCTS_DIR)/to_do_list.app/to_do_list";
			};
			name = Release;
		};
		2743EB961DCB2848009123B9 /* Debug */ = {
			isa = XCBuildConfiguration;
			buildSettings = {
				ALWAYS_EMBED_SWIFT_STANDARD_LIBRARIES = YES;
				INFOPLIST_FILE = to_do_listUITests/Info.plist;
				LD_RUNPATH_SEARCH_PATHS = "$(inherited) @executable_path/Frameworks @loader_path/Frameworks";
				PRODUCT_BUNDLE_IDENTIFIER = "intro-to-ios.to-do-listUITests";
				PRODUCT_NAME = "$(TARGET_NAME)";
				SWIFT_VERSION = 3.0;
				TEST_TARGET_NAME = to_do_list;
			};
			name = Debug;
		};
		2743EB971DCB2848009123B9 /* Release */ = {
			isa = XCBuildConfiguration;
			buildSettings = {
				ALWAYS_EMBED_SWIFT_STANDARD_LIBRARIES = YES;
				INFOPLIST_FILE = to_do_listUITests/Info.plist;
				LD_RUNPATH_SEARCH_PATHS = "$(inherited) @executable_path/Frameworks @loader_path/Frameworks";
				PRODUCT_BUNDLE_IDENTIFIER = "intro-to-ios.to-do-listUITests";
				PRODUCT_NAME = "$(TARGET_NAME)";
				SWIFT_VERSION = 3.0;
				TEST_TARGET_NAME = to_do_list;
			};
			name = Release;
		};
/* End XCBuildConfiguration section */

/* Begin XCConfigurationList section */
		2743EB621DCB2848009123B9 /* Build configuration list for PBXProject "to_do_list" */ = {
			isa = XCConfigurationList;
			buildConfigurations = (
				2743EB8D1DCB2848009123B9 /* Debug */,
				2743EB8E1DCB2848009123B9 /* Release */,
			);
			defaultConfigurationIsVisible = 0;
			defaultConfigurationName = Release;
		};
		2743EB8F1DCB2848009123B9 /* Build configuration list for PBXNativeTarget "to_do_list" */ = {
			isa = XCConfigurationList;
			buildConfigurations = (
				2743EB901DCB2848009123B9 /* Debug */,
				2743EB911DCB2848009123B9 /* Release */,
			);
			defaultConfigurationIsVisible = 0;
		};
		2743EB921DCB2848009123B9 /* Build configuration list for PBXNativeTarget "to_do_listTests" */ = {
			isa = XCConfigurationList;
			buildConfigurations = (
				2743EB931DCB2848009123B9 /* Debug */,
				2743EB941DCB2848009123B9 /* Release */,
			);
			defaultConfigurationIsVisible = 0;
		};
		2743EB951DCB2848009123B9 /* Build configuration list for PBXNativeTarget "to_do_listUITests" */ = {
			isa = XCConfigurationList;
			buildConfigurations = (
				2743EB961DCB2848009123B9 /* Debug */,
				2743EB971DCB2848009123B9 /* Release */,
			);
			defaultConfigurationIsVisible = 0;
		};
/* End XCConfigurationList section */
	};
	rootObject = 2743EB5F1DCB2848009123B9 /* Project object */;
}
