// !$*UTF8*$!
{
	archiveVersion = 1;
	classes = {
	};
	objectVersion = 46;
	objects = {

/* Begin PBXBuildFile section */
		27F9F76F1DCEA41D00C1C0AB /* AppDelegate.swift in Sources */ = {isa = PBXBuildFile; fileRef = 27F9F76E1DCEA41D00C1C0AB /* AppDelegate.swift */; };
		27F9F7711DCEA41D00C1C0AB /* ViewController.swift in Sources */ = {isa = PBXBuildFile; fileRef = 27F9F7701DCEA41D00C1C0AB /* ViewController.swift */; };
		27F9F7741DCEA41D00C1C0AB /* Main.storyboard in Resources */ = {isa = PBXBuildFile; fileRef = 27F9F7721DCEA41D00C1C0AB /* Main.storyboard */; };
		27F9F7761DCEA41D00C1C0AB /* Assets.xcassets in Resources */ = {isa = PBXBuildFile; fileRef = 27F9F7751DCEA41D00C1C0AB /* Assets.xcassets */; };
		27F9F7791DCEA41D00C1C0AB /* LaunchScreen.storyboard in Resources */ = {isa = PBXBuildFile; fileRef = 27F9F7771DCEA41D00C1C0AB /* LaunchScreen.storyboard */; };
		27F9F7841DCEA41D00C1C0AB /* random_view_controllerTests.swift in Sources */ = {isa = PBXBuildFile; fileRef = 27F9F7831DCEA41D00C1C0AB /* random_view_controllerTests.swift */; };
		27F9F78F1DCEA41D00C1C0AB /* random_view_controllerUITests.swift in Sources */ = {isa = PBXBuildFile; fileRef = 27F9F78E1DCEA41D00C1C0AB /* random_view_controllerUITests.swift */; };
/* End PBXBuildFile section */

/* Begin PBXContainerItemProxy section */
		27F9F7801DCEA41D00C1C0AB /* PBXContainerItemProxy */ = {
			isa = PBXContainerItemProxy;
			containerPortal = 27F9F7631DCEA41D00C1C0AB /* Project object */;
			proxyType = 1;
			remoteGlobalIDString = 27F9F76A1DCEA41D00C1C0AB;
			remoteInfo = random_view_controller;
		};
		27F9F78B1DCEA41D00C1C0AB /* PBXContainerItemProxy */ = {
			isa = PBXContainerItemProxy;
			containerPortal = 27F9F7631DCEA41D00C1C0AB /* Project object */;
			proxyType = 1;
			remoteGlobalIDString = 27F9F76A1DCEA41D00C1C0AB;
			remoteInfo = random_view_controller;
		};
/* End PBXContainerItemProxy section */

/* Begin PBXFileReference section */
		27F9F76B1DCEA41D00C1C0AB /* random_view_controller.app */ = {isa = PBXFileReference; explicitFileType = wrapper.application; includeInIndex = 0; path = random_view_controller.app; sourceTree = BUILT_PRODUCTS_DIR; };
		27F9F76E1DCEA41D00C1C0AB /* AppDelegate.swift */ = {isa = PBXFileReference; lastKnownFileType = sourcecode.swift; path = AppDelegate.swift; sourceTree = "<group>"; };
		27F9F7701DCEA41D00C1C0AB /* ViewController.swift */ = {isa = PBXFileReference; lastKnownFileType = sourcecode.swift; path = ViewController.swift; sourceTree = "<group>"; };
		27F9F7731DCEA41D00C1C0AB /* Base */ = {isa = PBXFileReference; lastKnownFileType = file.storyboard; name = Base; path = Base.lproj/Main.storyboard; sourceTree = "<group>"; };
		27F9F7751DCEA41D00C1C0AB /* Assets.xcassets */ = {isa = PBXFileReference; lastKnownFileType = folder.assetcatalog; path = Assets.xcassets; sourceTree = "<group>"; };
		27F9F7781DCEA41D00C1C0AB /* Base */ = {isa = PBXFileReference; lastKnownFileType = file.storyboard; name = Base; path = Base.lproj/LaunchScreen.storyboard; sourceTree = "<group>"; };
		27F9F77A1DCEA41D00C1C0AB /* Info.plist */ = {isa = PBXFileReference; lastKnownFileType = text.plist.xml; path = Info.plist; sourceTree = "<group>"; };
		27F9F77F1DCEA41D00C1C0AB /* random_view_controllerTests.xctest */ = {isa = PBXFileReference; explicitFileType = wrapper.cfbundle; includeInIndex = 0; path = random_view_controllerTests.xctest; sourceTree = BUILT_PRODUCTS_DIR; };
		27F9F7831DCEA41D00C1C0AB /* random_view_controllerTests.swift */ = {isa = PBXFileReference; lastKnownFileType = sourcecode.swift; path = random_view_controllerTests.swift; sourceTree = "<group>"; };
		27F9F7851DCEA41D00C1C0AB /* Info.plist */ = {isa = PBXFileReference; lastKnownFileType = text.plist.xml; path = Info.plist; sourceTree = "<group>"; };
		27F9F78A1DCEA41D00C1C0AB /* random_view_controllerUITests.xctest */ = {isa = PBXFileReference; explicitFileType = wrapper.cfbundle; includeInIndex = 0; path = random_view_controllerUITests.xctest; sourceTree = BUILT_PRODUCTS_DIR; };
		27F9F78E1DCEA41D00C1C0AB /* random_view_controllerUITests.swift */ = {isa = PBXFileReference; lastKnownFileType = sourcecode.swift; path = random_view_controllerUITests.swift; sourceTree = "<group>"; };
		27F9F7901DCEA41D00C1C0AB /* Info.plist */ = {isa = PBXFileReference; lastKnownFileType = text.plist.xml; path = Info.plist; sourceTree = "<group>"; };
/* End PBXFileReference section */

/* Begin PBXFrameworksBuildPhase section */
		27F9F7681DCEA41D00C1C0AB /* Frameworks */ = {
			isa = PBXFrameworksBuildPhase;
			buildActionMask = 2147483647;
			files = (
			);
			runOnlyForDeploymentPostprocessing = 0;
		};
		27F9F77C1DCEA41D00C1C0AB /* Frameworks */ = {
			isa = PBXFrameworksBuildPhase;
			buildActionMask = 2147483647;
			files = (
			);
			runOnlyForDeploymentPostprocessing = 0;
		};
		27F9F7871DCEA41D00C1C0AB /* Frameworks */ = {
			isa = PBXFrameworksBuildPhase;
			buildActionMask = 2147483647;
			files = (
			);
			runOnlyForDeploymentPostprocessing = 0;
		};
/* End PBXFrameworksBuildPhase section */

/* Begin PBXGroup section */
		27F9F7621DCEA41D00C1C0AB = {
			isa = PBXGroup;
			children = (
				27F9F76D1DCEA41D00C1C0AB /* random_view_controller */,
				27F9F7821DCEA41D00C1C0AB /* random_view_controllerTests */,
				27F9F78D1DCEA41D00C1C0AB /* random_view_controllerUITests */,
				27F9F76C1DCEA41D00C1C0AB /* Products */,
			);
			sourceTree = "<group>";
		};
		27F9F76C1DCEA41D00C1C0AB /* Products */ = {
			isa = PBXGroup;
			children = (
				27F9F76B1DCEA41D00C1C0AB /* random_view_controller.app */,
				27F9F77F1DCEA41D00C1C0AB /* random_view_controllerTests.xctest */,
				27F9F78A1DCEA41D00C1C0AB /* random_view_controllerUITests.xctest */,
			);
			name = Products;
			sourceTree = "<group>";
		};
		27F9F76D1DCEA41D00C1C0AB /* random_view_controller */ = {
			isa = PBXGroup;
			children = (
				27F9F76E1DCEA41D00C1C0AB /* AppDelegate.swift */,
				27F9F7701DCEA41D00C1C0AB /* ViewController.swift */,
				27F9F7721DCEA41D00C1C0AB /* Main.storyboard */,
				27F9F7751DCEA41D00C1C0AB /* Assets.xcassets */,
				27F9F7771DCEA41D00C1C0AB /* LaunchScreen.storyboard */,
				27F9F77A1DCEA41D00C1C0AB /* Info.plist */,
			);
			path = random_view_controller;
			sourceTree = "<group>";
		};
		27F9F7821DCEA41D00C1C0AB /* random_view_controllerTests */ = {
			isa = PBXGroup;
			children = (
				27F9F7831DCEA41D00C1C0AB /* random_view_controllerTests.swift */,
				27F9F7851DCEA41D00C1C0AB /* Info.plist */,
			);
			path = random_view_controllerTests;
			sourceTree = "<group>";
		};
		27F9F78D1DCEA41D00C1C0AB /* random_view_controllerUITests */ = {
			isa = PBXGroup;
			children = (
				27F9F78E1DCEA41D00C1C0AB /* random_view_controllerUITests.swift */,
				27F9F7901DCEA41D00C1C0AB /* Info.plist */,
			);
			path = random_view_controllerUITests;
			sourceTree = "<group>";
		};
/* End PBXGroup section */

/* Begin PBXNativeTarget section */
		27F9F76A1DCEA41D00C1C0AB /* random_view_controller */ = {
			isa = PBXNativeTarget;
			buildConfigurationList = 27F9F7931DCEA41D00C1C0AB /* Build configuration list for PBXNativeTarget "random_view_controller" */;
			buildPhases = (
				27F9F7671DCEA41D00C1C0AB /* Sources */,
				27F9F7681DCEA41D00C1C0AB /* Frameworks */,
				27F9F7691DCEA41D00C1C0AB /* Resources */,
			);
			buildRules = (
			);
			dependencies = (
			);
			name = random_view_controller;
			productName = random_view_controller;
			productReference = 27F9F76B1DCEA41D00C1C0AB /* random_view_controller.app */;
			productType = "com.apple.product-type.application";
		};
		27F9F77E1DCEA41D00C1C0AB /* random_view_controllerTests */ = {
			isa = PBXNativeTarget;
			buildConfigurationList = 27F9F7961DCEA41D00C1C0AB /* Build configuration list for PBXNativeTarget "random_view_controllerTests" */;
			buildPhases = (
				27F9F77B1DCEA41D00C1C0AB /* Sources */,
				27F9F77C1DCEA41D00C1C0AB /* Frameworks */,
				27F9F77D1DCEA41D00C1C0AB /* Resources */,
			);
			buildRules = (
			);
			dependencies = (
				27F9F7811DCEA41D00C1C0AB /* PBXTargetDependency */,
			);
			name = random_view_controllerTests;
			productName = random_view_controllerTests;
			productReference = 27F9F77F1DCEA41D00C1C0AB /* random_view_controllerTests.xctest */;
			productType = "com.apple.product-type.bundle.unit-test";
		};
		27F9F7891DCEA41D00C1C0AB /* random_view_controllerUITests */ = {
			isa = PBXNativeTarget;
			buildConfigurationList = 27F9F7991DCEA41D00C1C0AB /* Build configuration list for PBXNativeTarget "random_view_controllerUITests" */;
			buildPhases = (
				27F9F7861DCEA41D00C1C0AB /* Sources */,
				27F9F7871DCEA41D00C1C0AB /* Frameworks */,
				27F9F7881DCEA41D00C1C0AB /* Resources */,
			);
			buildRules = (
			);
			dependencies = (
				27F9F78C1DCEA41D00C1C0AB /* PBXTargetDependency */,
			);
			name = random_view_controllerUITests;
			productName = random_view_controllerUITests;
			productReference = 27F9F78A1DCEA41D00C1C0AB /* random_view_controllerUITests.xctest */;
			productType = "com.apple.product-type.bundle.ui-testing";
		};
/* End PBXNativeTarget section */

/* Begin PBXProject section */
		27F9F7631DCEA41D00C1C0AB /* Project object */ = {
			isa = PBXProject;
			attributes = {
				LastSwiftUpdateCheck = 0810;
				LastUpgradeCheck = 0810;
				ORGANIZATIONNAME = "Minh Pham";
				TargetAttributes = {
					27F9F76A1DCEA41D00C1C0AB = {
						CreatedOnToolsVersion = 8.1;
						DevelopmentTeam = LVA22MYZ28;
						ProvisioningStyle = Automatic;
					};
					27F9F77E1DCEA41D00C1C0AB = {
						CreatedOnToolsVersion = 8.1;
						ProvisioningStyle = Automatic;
						TestTargetID = 27F9F76A1DCEA41D00C1C0AB;
					};
					27F9F7891DCEA41D00C1C0AB = {
						CreatedOnToolsVersion = 8.1;
						ProvisioningStyle = Automatic;
						TestTargetID = 27F9F76A1DCEA41D00C1C0AB;
					};
				};
			};
			buildConfigurationList = 27F9F7661DCEA41D00C1C0AB /* Build configuration list for PBXProject "random_view_controller" */;
			compatibilityVersion = "Xcode 3.2";
			developmentRegion = English;
			hasScannedForEncodings = 0;
			knownRegions = (
				en,
				Base,
			);
			mainGroup = 27F9F7621DCEA41D00C1C0AB;
			productRefGroup = 27F9F76C1DCEA41D00C1C0AB /* Products */;
			projectDirPath = "";
			projectRoot = "";
			targets = (
				27F9F76A1DCEA41D00C1C0AB /* random_view_controller */,
				27F9F77E1DCEA41D00C1C0AB /* random_view_controllerTests */,
				27F9F7891DCEA41D00C1C0AB /* random_view_controllerUITests */,
			);
		};
/* End PBXProject section */

/* Begin PBXResourcesBuildPhase section */
		27F9F7691DCEA41D00C1C0AB /* Resources */ = {
			isa = PBXResourcesBuildPhase;
			buildActionMask = 2147483647;
			files = (
				27F9F7791DCEA41D00C1C0AB /* LaunchScreen.storyboard in Resources */,
				27F9F7761DCEA41D00C1C0AB /* Assets.xcassets in Resources */,
				27F9F7741DCEA41D00C1C0AB /* Main.storyboard in Resources */,
			);
			runOnlyForDeploymentPostprocessing = 0;
		};
		27F9F77D1DCEA41D00C1C0AB /* Resources */ = {
			isa = PBXResourcesBuildPhase;
			buildActionMask = 2147483647;
			files = (
			);
			runOnlyForDeploymentPostprocessing = 0;
		};
		27F9F7881DCEA41D00C1C0AB /* Resources */ = {
			isa = PBXResourcesBuildPhase;
			buildActionMask = 2147483647;
			files = (
			);
			runOnlyForDeploymentPostprocessing = 0;
		};
/* End PBXResourcesBuildPhase section */

/* Begin PBXSourcesBuildPhase section */
		27F9F7671DCEA41D00C1C0AB /* Sources */ = {
			isa = PBXSourcesBuildPhase;
			buildActionMask = 2147483647;
			files = (
				27F9F7711DCEA41D00C1C0AB /* ViewController.swift in Sources */,
				27F9F76F1DCEA41D00C1C0AB /* AppDelegate.swift in Sources */,
			);
			runOnlyForDeploymentPostprocessing = 0;
		};
		27F9F77B1DCEA41D00C1C0AB /* Sources */ = {
			isa = PBXSourcesBuildPhase;
			buildActionMask = 2147483647;
			files = (
				27F9F7841DCEA41D00C1C0AB /* random_view_controllerTests.swift in Sources */,
			);
			runOnlyForDeploymentPostprocessing = 0;
		};
		27F9F7861DCEA41D00C1C0AB /* Sources */ = {
			isa = PBXSourcesBuildPhase;
			buildActionMask = 2147483647;
			files = (
				27F9F78F1DCEA41D00C1C0AB /* random_view_controllerUITests.swift in Sources */,
			);
			runOnlyForDeploymentPostprocessing = 0;
		};
/* End PBXSourcesBuildPhase section */

/* Begin PBXTargetDependency section */
		27F9F7811DCEA41D00C1C0AB /* PBXTargetDependency */ = {
			isa = PBXTargetDependency;
			target = 27F9F76A1DCEA41D00C1C0AB /* random_view_controller */;
			targetProxy = 27F9F7801DCEA41D00C1C0AB /* PBXContainerItemProxy */;
		};
		27F9F78C1DCEA41D00C1C0AB /* PBXTargetDependency */ = {
			isa = PBXTargetDependency;
			target = 27F9F76A1DCEA41D00C1C0AB /* random_view_controller */;
			targetProxy = 27F9F78B1DCEA41D00C1C0AB /* PBXContainerItemProxy */;
		};
/* End PBXTargetDependency section */

/* Begin PBXVariantGroup section */
		27F9F7721DCEA41D00C1C0AB /* Main.storyboard */ = {
			isa = PBXVariantGroup;
			children = (
				27F9F7731DCEA41D00C1C0AB /* Base */,
			);
			name = Main.storyboard;
			sourceTree = "<group>";
		};
		27F9F7771DCEA41D00C1C0AB /* LaunchScreen.storyboard */ = {
			isa = PBXVariantGroup;
			children = (
				27F9F7781DCEA41D00C1C0AB /* Base */,
			);
			name = LaunchScreen.storyboard;
			sourceTree = "<group>";
		};
/* End PBXVariantGroup section */

/* Begin XCBuildConfiguration section */
		27F9F7911DCEA41D00C1C0AB /* Debug */ = {
			isa = XCBuildConfiguration;
			buildSettings = {
				ALWAYS_SEARCH_USER_PATHS = NO;
				CLANG_ANALYZER_NONNULL = YES;
				CLANG_CXX_LANGUAGE_STANDARD = "gnu++0x";
				CLANG_CXX_LIBRARY = "libc++";
				CLANG_ENABLE_MODULES = YES;
				CLANG_ENABLE_OBJC_ARC = YES;
				CLANG_WARN_BOOL_CONVERSION = YES;
				CLANG_WARN_CONSTANT_CONVERSION = YES;
				CLANG_WARN_DIRECT_OBJC_ISA_USAGE = YES_ERROR;
				CLANG_WARN_DOCUMENTATION_COMMENTS = YES;
				CLANG_WARN_EMPTY_BODY = YES;
				CLANG_WARN_ENUM_CONVERSION = YES;
				CLANG_WARN_INFINITE_RECURSION = YES;
				CLANG_WARN_INT_CONVERSION = YES;
				CLANG_WARN_OBJC_ROOT_CLASS = YES_ERROR;
				CLANG_WARN_SUSPICIOUS_MOVES = YES;
				CLANG_WARN_UNREACHABLE_CODE = YES;
				CLANG_WARN__DUPLICATE_METHOD_MATCH = YES;
				"CODE_SIGN_IDENTITY[sdk=iphoneos*]" = "iPhone Developer";
				COPY_PHASE_STRIP = NO;
				DEBUG_INFORMATION_FORMAT = dwarf;
				ENABLE_STRICT_OBJC_MSGSEND = YES;
				ENABLE_TESTABILITY = YES;
				GCC_C_LANGUAGE_STANDARD = gnu99;
				GCC_DYNAMIC_NO_PIC = NO;
				GCC_NO_COMMON_BLOCKS = YES;
				GCC_OPTIMIZATION_LEVEL = 0;
				GCC_PREPROCESSOR_DEFINITIONS = (
					"DEBUG=1",
					"$(inherited)",
				);
				GCC_WARN_64_TO_32_BIT_CONVERSION = YES;
				GCC_WARN_ABOUT_RETURN_TYPE = YES_ERROR;
				GCC_WARN_UNDECLARED_SELECTOR = YES;
				GCC_WARN_UNINITIALIZED_AUTOS = YES_AGGRESSIVE;
				GCC_WARN_UNUSED_FUNCTION = YES;
				GCC_WARN_UNUSED_VARIABLE = YES;
				IPHONEOS_DEPLOYMENT_TARGET = 10.1;
				MTL_ENABLE_DEBUG_INFO = YES;
				ONLY_ACTIVE_ARCH = YES;
				SDKROOT = iphoneos;
				SWIFT_ACTIVE_COMPILATION_CONDITIONS = DEBUG;
				SWIFT_OPTIMIZATION_LEVEL = "-Onone";
				TARGETED_DEVICE_FAMILY = "1,2";
			};
			name = Debug;
		};
		27F9F7921DCEA41D00C1C0AB /* Release */ = {
			isa = XCBuildConfiguration;
			buildSettings = {
				ALWAYS_SEARCH_USER_PATHS = NO;
				CLANG_ANALYZER_NONNULL = YES;
				CLANG_CXX_LANGUAGE_STANDARD = "gnu++0x";
				CLANG_CXX_LIBRARY = "libc++";
				CLANG_ENABLE_MODULES = YES;
				CLANG_ENABLE_OBJC_ARC = YES;
				CLANG_WARN_BOOL_CONVERSION = YES;
				CLANG_WARN_CONSTANT_CONVERSION = YES;
				CLANG_WARN_DIRECT_OBJC_ISA_USAGE = YES_ERROR;
				CLANG_WARN_DOCUMENTATION_COMMENTS = YES;
				CLANG_WARN_EMPTY_BODY = YES;
				CLANG_WARN_ENUM_CONVERSION = YES;
				CLANG_WARN_INFINITE_RECURSION = YES;
				CLANG_WARN_INT_CONVERSION = YES;
				CLANG_WARN_OBJC_ROOT_CLASS = YES_ERROR;
				CLANG_WARN_SUSPICIOUS_MOVES = YES;
				CLANG_WARN_UNREACHABLE_CODE = YES;
				CLANG_WARN__DUPLICATE_METHOD_MATCH = YES;
				"CODE_SIGN_IDENTITY[sdk=iphoneos*]" = "iPhone Developer";
				COPY_PHASE_STRIP = NO;
				DEBUG_INFORMATION_FORMAT = "dwarf-with-dsym";
				ENABLE_NS_ASSERTIONS = NO;
				ENABLE_STRICT_OBJC_MSGSEND = YES;
				GCC_C_LANGUAGE_STANDARD = gnu99;
				GCC_NO_COMMON_BLOCKS = YES;
				GCC_WARN_64_TO_32_BIT_CONVERSION = YES;
				GCC_WARN_ABOUT_RETURN_TYPE = YES_ERROR;
				GCC_WARN_UNDECLARED_SELECTOR = YES;
				GCC_WARN_UNINITIALIZED_AUTOS = YES_AGGRESSIVE;
				GCC_WARN_UNUSED_FUNCTION = YES;
				GCC_WARN_UNUSED_VARIABLE = YES;
				IPHONEOS_DEPLOYMENT_TARGET = 10.1;
				MTL_ENABLE_DEBUG_INFO = NO;
				SDKROOT = iphoneos;
				SWIFT_OPTIMIZATION_LEVEL = "-Owholemodule";
				TARGETED_DEVICE_FAMILY = "1,2";
				VALIDATE_PRODUCT = YES;
			};
			name = Release;
		};
		27F9F7941DCEA41D00C1C0AB /* Debug */ = {
			isa = XCBuildConfiguration;
			buildSettings = {
				ASSETCATALOG_COMPILER_APPICON_NAME = AppIcon;
				DEVELOPMENT_TEAM = LVA22MYZ28;
				INFOPLIST_FILE = random_view_controller/Info.plist;
				LD_RUNPATH_SEARCH_PATHS = "$(inherited) @executable_path/Frameworks";
				PRODUCT_BUNDLE_IDENTIFIER = "single-view-project.random-view-controller";
				PRODUCT_NAME = "$(TARGET_NAME)";
				SWIFT_VERSION = 3.0;
			};
			name = Debug;
		};
		27F9F7951DCEA41D00C1C0AB /* Release */ = {
			isa = XCBuildConfiguration;
			buildSettings = {
				ASSETCATALOG_COMPILER_APPICON_NAME = AppIcon;
				DEVELOPMENT_TEAM = LVA22MYZ28;
				INFOPLIST_FILE = random_view_controller/Info.plist;
				LD_RUNPATH_SEARCH_PATHS = "$(inherited) @executable_path/Frameworks";
				PRODUCT_BUNDLE_IDENTIFIER = "single-view-project.random-view-controller";
				PRODUCT_NAME = "$(TARGET_NAME)";
				SWIFT_VERSION = 3.0;
			};
			name = Release;
		};
		27F9F7971DCEA41D00C1C0AB /* Debug */ = {
			isa = XCBuildConfiguration;
			buildSettings = {
				ALWAYS_EMBED_SWIFT_STANDARD_LIBRARIES = YES;
				BUNDLE_LOADER = "$(TEST_HOST)";
				INFOPLIST_FILE = random_view_controllerTests/Info.plist;
				LD_RUNPATH_SEARCH_PATHS = "$(inherited) @executable_path/Frameworks @loader_path/Frameworks";
				PRODUCT_BUNDLE_IDENTIFIER = "single-view-project.random-view-controllerTests";
				PRODUCT_NAME = "$(TARGET_NAME)";
				SWIFT_VERSION = 3.0;
				TEST_HOST = "$(BUILT_PRODUCTS_DIR)/random_view_controller.app/random_view_controller";
			};
			name = Debug;
		};
		27F9F7981DCEA41D00C1C0AB /* Release */ = {
			isa = XCBuildConfiguration;
			buildSettings = {
				ALWAYS_EMBED_SWIFT_STANDARD_LIBRARIES = YES;
				BUNDLE_LOADER = "$(TEST_HOST)";
				INFOPLIST_FILE = random_view_controllerTests/Info.plist;
				LD_RUNPATH_SEARCH_PATHS = "$(inherited) @executable_path/Frameworks @loader_path/Frameworks";
				PRODUCT_BUNDLE_IDENTIFIER = "single-view-project.random-view-controllerTests";
				PRODUCT_NAME = "$(TARGET_NAME)";
				SWIFT_VERSION = 3.0;
				TEST_HOST = "$(BUILT_PRODUCTS_DIR)/random_view_controller.app/random_view_controller";
			};
			name = Release;
		};
		27F9F79A1DCEA41D00C1C0AB /* Debug */ = {
			isa = XCBuildConfiguration;
			buildSettings = {
				ALWAYS_EMBED_SWIFT_STANDARD_LIBRARIES = YES;
				INFOPLIST_FILE = random_view_controllerUITests/Info.plist;
				LD_RUNPATH_SEARCH_PATHS = "$(inherited) @executable_path/Frameworks @loader_path/Frameworks";
				PRODUCT_BUNDLE_IDENTIFIER = "single-view-project.random-view-controllerUITests";
				PRODUCT_NAME = "$(TARGET_NAME)";
				SWIFT_VERSION = 3.0;
				TEST_TARGET_NAME = random_view_controller;
			};
			name = Debug;
		};
		27F9F79B1DCEA41D00C1C0AB /* Release */ = {
			isa = XCBuildConfiguration;
			buildSettings = {
				ALWAYS_EMBED_SWIFT_STANDARD_LIBRARIES = YES;
				INFOPLIST_FILE = random_view_controllerUITests/Info.plist;
				LD_RUNPATH_SEARCH_PATHS = "$(inherited) @executable_path/Frameworks @loader_path/Frameworks";
				PRODUCT_BUNDLE_IDENTIFIER = "single-view-project.random-view-controllerUITests";
				PRODUCT_NAME = "$(TARGET_NAME)";
				SWIFT_VERSION = 3.0;
				TEST_TARGET_NAME = random_view_controller;
			};
			name = Release;
		};
/* End XCBuildConfiguration section */

/* Begin XCConfigurationList section */
		27F9F7661DCEA41D00C1C0AB /* Build configuration list for PBXProject "random_view_controller" */ = {
			isa = XCConfigurationList;
			buildConfigurations = (
				27F9F7911DCEA41D00C1C0AB /* Debug */,
				27F9F7921DCEA41D00C1C0AB /* Release */,
			);
			defaultConfigurationIsVisible = 0;
			defaultConfigurationName = Release;
		};
		27F9F7931DCEA41D00C1C0AB /* Build configuration list for PBXNativeTarget "random_view_controller" */ = {
			isa = XCConfigurationList;
			buildConfigurations = (
				27F9F7941DCEA41D00C1C0AB /* Debug */,
				27F9F7951DCEA41D00C1C0AB /* Release */,
			);
			defaultConfigurationIsVisible = 0;
		};
		27F9F7961DCEA41D00C1C0AB /* Build configuration list for PBXNativeTarget "random_view_controllerTests" */ = {
			isa = XCConfigurationList;
			buildConfigurations = (
				27F9F7971DCEA41D00C1C0AB /* Debug */,
				27F9F7981DCEA41D00C1C0AB /* Release */,
			);
			defaultConfigurationIsVisible = 0;
		};
		27F9F7991DCEA41D00C1C0AB /* Build configuration list for PBXNativeTarget "random_view_controllerUITests" */ = {
			isa = XCConfigurationList;
			buildConfigurations = (
				27F9F79A1DCEA41D00C1C0AB /* Debug */,
				27F9F79B1DCEA41D00C1C0AB /* Release */,
			);
			defaultConfigurationIsVisible = 0;
		};
/* End XCConfigurationList section */
	};
	rootObject = 27F9F7631DCEA41D00C1C0AB /* Project object */;
}
