// !$*UTF8*$!
{
	archiveVersion = 1;
	classes = {
	};
	objectVersion = 46;
	objects = {

/* Begin PBXBuildFile section */
		27812F431DC9182C00788771 /* AppDelegate.swift in Sources */ = {isa = PBXBuildFile; fileRef = 27812F421DC9182C00788771 /* AppDelegate.swift */; };
		27812F451DC9182C00788771 /* ViewController.swift in Sources */ = {isa = PBXBuildFile; fileRef = 27812F441DC9182C00788771 /* ViewController.swift */; };
		27812F481DC9182C00788771 /* Main.storyboard in Resources */ = {isa = PBXBuildFile; fileRef = 27812F461DC9182C00788771 /* Main.storyboard */; };
		27812F4A1DC9182C00788771 /* Assets.xcassets in Resources */ = {isa = PBXBuildFile; fileRef = 27812F491DC9182C00788771 /* Assets.xcassets */; };
		27812F4D1DC9182C00788771 /* LaunchScreen.storyboard in Resources */ = {isa = PBXBuildFile; fileRef = 27812F4B1DC9182C00788771 /* LaunchScreen.storyboard */; };
		27812F581DC9182C00788771 /* storyboardTests.swift in Sources */ = {isa = PBXBuildFile; fileRef = 27812F571DC9182C00788771 /* storyboardTests.swift */; };
		27812F631DC9182C00788771 /* storyboardUITests.swift in Sources */ = {isa = PBXBuildFile; fileRef = 27812F621DC9182C00788771 /* storyboardUITests.swift */; };
/* End PBXBuildFile section */

/* Begin PBXContainerItemProxy section */
		27812F541DC9182C00788771 /* PBXContainerItemProxy */ = {
			isa = PBXContainerItemProxy;
			containerPortal = 27812F371DC9182C00788771 /* Project object */;
			proxyType = 1;
			remoteGlobalIDString = 27812F3E1DC9182C00788771;
			remoteInfo = storyboard;
		};
		27812F5F1DC9182C00788771 /* PBXContainerItemProxy */ = {
			isa = PBXContainerItemProxy;
			containerPortal = 27812F371DC9182C00788771 /* Project object */;
			proxyType = 1;
			remoteGlobalIDString = 27812F3E1DC9182C00788771;
			remoteInfo = storyboard;
		};
/* End PBXContainerItemProxy section */

/* Begin PBXFileReference section */
		27812F3F1DC9182C00788771 /* storyboard.app */ = {isa = PBXFileReference; explicitFileType = wrapper.application; includeInIndex = 0; path = storyboard.app; sourceTree = BUILT_PRODUCTS_DIR; };
		27812F421DC9182C00788771 /* AppDelegate.swift */ = {isa = PBXFileReference; lastKnownFileType = sourcecode.swift; path = AppDelegate.swift; sourceTree = "<group>"; };
		27812F441DC9182C00788771 /* ViewController.swift */ = {isa = PBXFileReference; lastKnownFileType = sourcecode.swift; path = ViewController.swift; sourceTree = "<group>"; };
		27812F471DC9182C00788771 /* Base */ = {isa = PBXFileReference; lastKnownFileType = file.storyboard; name = Base; path = Base.lproj/Main.storyboard; sourceTree = "<group>"; };
		27812F491DC9182C00788771 /* Assets.xcassets */ = {isa = PBXFileReference; lastKnownFileType = folder.assetcatalog; path = Assets.xcassets; sourceTree = "<group>"; };
		27812F4C1DC9182C00788771 /* Base */ = {isa = PBXFileReference; lastKnownFileType = file.storyboard; name = Base; path = Base.lproj/LaunchScreen.storyboard; sourceTree = "<group>"; };
		27812F4E1DC9182C00788771 /* Info.plist */ = {isa = PBXFileReference; lastKnownFileType = text.plist.xml; path = Info.plist; sourceTree = "<group>"; };
		27812F531DC9182C00788771 /* storyboardTests.xctest */ = {isa = PBXFileReference; explicitFileType = wrapper.cfbundle; includeInIndex = 0; path = storyboardTests.xctest; sourceTree = BUILT_PRODUCTS_DIR; };
		27812F571DC9182C00788771 /* storyboardTests.swift */ = {isa = PBXFileReference; lastKnownFileType = sourcecode.swift; path = storyboardTests.swift; sourceTree = "<group>"; };
		27812F591DC9182C00788771 /* Info.plist */ = {isa = PBXFileReference; lastKnownFileType = text.plist.xml; path = Info.plist; sourceTree = "<group>"; };
		27812F5E1DC9182C00788771 /* storyboardUITests.xctest */ = {isa = PBXFileReference; explicitFileType = wrapper.cfbundle; includeInIndex = 0; path = storyboardUITests.xctest; sourceTree = BUILT_PRODUCTS_DIR; };
		27812F621DC9182C00788771 /* storyboardUITests.swift */ = {isa = PBXFileReference; lastKnownFileType = sourcecode.swift; path = storyboardUITests.swift; sourceTree = "<group>"; };
		27812F641DC9182C00788771 /* Info.plist */ = {isa = PBXFileReference; lastKnownFileType = text.plist.xml; path = Info.plist; sourceTree = "<group>"; };
/* End PBXFileReference section */

/* Begin PBXFrameworksBuildPhase section */
		27812F3C1DC9182C00788771 /* Frameworks */ = {
			isa = PBXFrameworksBuildPhase;
			buildActionMask = 2147483647;
			files = (
			);
			runOnlyForDeploymentPostprocessing = 0;
		};
		27812F501DC9182C00788771 /* Frameworks */ = {
			isa = PBXFrameworksBuildPhase;
			buildActionMask = 2147483647;
			files = (
			);
			runOnlyForDeploymentPostprocessing = 0;
		};
		27812F5B1DC9182C00788771 /* Frameworks */ = {
			isa = PBXFrameworksBuildPhase;
			buildActionMask = 2147483647;
			files = (
			);
			runOnlyForDeploymentPostprocessing = 0;
		};
/* End PBXFrameworksBuildPhase section */

/* Begin PBXGroup section */
		27812F361DC9182C00788771 = {
			isa = PBXGroup;
			children = (
				27812F411DC9182C00788771 /* storyboard */,
				27812F561DC9182C00788771 /* storyboardTests */,
				27812F611DC9182C00788771 /* storyboardUITests */,
				27812F401DC9182C00788771 /* Products */,
			);
			sourceTree = "<group>";
		};
		27812F401DC9182C00788771 /* Products */ = {
			isa = PBXGroup;
			children = (
				27812F3F1DC9182C00788771 /* storyboard.app */,
				27812F531DC9182C00788771 /* storyboardTests.xctest */,
				27812F5E1DC9182C00788771 /* storyboardUITests.xctest */,
			);
			name = Products;
			sourceTree = "<group>";
		};
		27812F411DC9182C00788771 /* storyboard */ = {
			isa = PBXGroup;
			children = (
				27812F421DC9182C00788771 /* AppDelegate.swift */,
				27812F441DC9182C00788771 /* ViewController.swift */,
				27812F461DC9182C00788771 /* Main.storyboard */,
				27812F491DC9182C00788771 /* Assets.xcassets */,
				27812F4B1DC9182C00788771 /* LaunchScreen.storyboard */,
				27812F4E1DC9182C00788771 /* Info.plist */,
			);
			path = storyboard;
			sourceTree = "<group>";
		};
		27812F561DC9182C00788771 /* storyboardTests */ = {
			isa = PBXGroup;
			children = (
				27812F571DC9182C00788771 /* storyboardTests.swift */,
				27812F591DC9182C00788771 /* Info.plist */,
			);
			path = storyboardTests;
			sourceTree = "<group>";
		};
		27812F611DC9182C00788771 /* storyboardUITests */ = {
			isa = PBXGroup;
			children = (
				27812F621DC9182C00788771 /* storyboardUITests.swift */,
				27812F641DC9182C00788771 /* Info.plist */,
			);
			path = storyboardUITests;
			sourceTree = "<group>";
		};
/* End PBXGroup section */

/* Begin PBXNativeTarget section */
		27812F3E1DC9182C00788771 /* storyboard */ = {
			isa = PBXNativeTarget;
			buildConfigurationList = 27812F671DC9182C00788771 /* Build configuration list for PBXNativeTarget "storyboard" */;
			buildPhases = (
				27812F3B1DC9182C00788771 /* Sources */,
				27812F3C1DC9182C00788771 /* Frameworks */,
				27812F3D1DC9182C00788771 /* Resources */,
			);
			buildRules = (
			);
			dependencies = (
			);
			name = storyboard;
			productName = storyboard;
			productReference = 27812F3F1DC9182C00788771 /* storyboard.app */;
			productType = "com.apple.product-type.application";
		};
		27812F521DC9182C00788771 /* storyboardTests */ = {
			isa = PBXNativeTarget;
			buildConfigurationList = 27812F6A1DC9182C00788771 /* Build configuration list for PBXNativeTarget "storyboardTests" */;
			buildPhases = (
				27812F4F1DC9182C00788771 /* Sources */,
				27812F501DC9182C00788771 /* Frameworks */,
				27812F511DC9182C00788771 /* Resources */,
			);
			buildRules = (
			);
			dependencies = (
				27812F551DC9182C00788771 /* PBXTargetDependency */,
			);
			name = storyboardTests;
			productName = storyboardTests;
			productReference = 27812F531DC9182C00788771 /* storyboardTests.xctest */;
			productType = "com.apple.product-type.bundle.unit-test";
		};
		27812F5D1DC9182C00788771 /* storyboardUITests */ = {
			isa = PBXNativeTarget;
			buildConfigurationList = 27812F6D1DC9182C00788771 /* Build configuration list for PBXNativeTarget "storyboardUITests" */;
			buildPhases = (
				27812F5A1DC9182C00788771 /* Sources */,
				27812F5B1DC9182C00788771 /* Frameworks */,
				27812F5C1DC9182C00788771 /* Resources */,
			);
			buildRules = (
			);
			dependencies = (
				27812F601DC9182C00788771 /* PBXTargetDependency */,
			);
			name = storyboardUITests;
			productName = storyboardUITests;
			productReference = 27812F5E1DC9182C00788771 /* storyboardUITests.xctest */;
			productType = "com.apple.product-type.bundle.ui-testing";
		};
/* End PBXNativeTarget section */

/* Begin PBXProject section */
		27812F371DC9182C00788771 /* Project object */ = {
			isa = PBXProject;
			attributes = {
				LastSwiftUpdateCheck = 0810;
				LastUpgradeCheck = 0810;
				ORGANIZATIONNAME = "Minh Pham";
				TargetAttributes = {
					27812F3E1DC9182C00788771 = {
						CreatedOnToolsVersion = 8.1;
						ProvisioningStyle = Automatic;
					};
					27812F521DC9182C00788771 = {
						CreatedOnToolsVersion = 8.1;
						ProvisioningStyle = Automatic;
						TestTargetID = 27812F3E1DC9182C00788771;
					};
					27812F5D1DC9182C00788771 = {
						CreatedOnToolsVersion = 8.1;
						ProvisioningStyle = Automatic;
						TestTargetID = 27812F3E1DC9182C00788771;
					};
				};
			};
			buildConfigurationList = 27812F3A1DC9182C00788771 /* Build configuration list for PBXProject "storyboard" */;
			compatibilityVersion = "Xcode 3.2";
			developmentRegion = English;
			hasScannedForEncodings = 0;
			knownRegions = (
				en,
				Base,
			);
			mainGroup = 27812F361DC9182C00788771;
			productRefGroup = 27812F401DC9182C00788771 /* Products */;
			projectDirPath = "";
			projectRoot = "";
			targets = (
				27812F3E1DC9182C00788771 /* storyboard */,
				27812F521DC9182C00788771 /* storyboardTests */,
				27812F5D1DC9182C00788771 /* storyboardUITests */,
			);
		};
/* End PBXProject section */

/* Begin PBXResourcesBuildPhase section */
		27812F3D1DC9182C00788771 /* Resources */ = {
			isa = PBXResourcesBuildPhase;
			buildActionMask = 2147483647;
			files = (
				27812F4D1DC9182C00788771 /* LaunchScreen.storyboard in Resources */,
				27812F4A1DC9182C00788771 /* Assets.xcassets in Resources */,
				27812F481DC9182C00788771 /* Main.storyboard in Resources */,
			);
			runOnlyForDeploymentPostprocessing = 0;
		};
		27812F511DC9182C00788771 /* Resources */ = {
			isa = PBXResourcesBuildPhase;
			buildActionMask = 2147483647;
			files = (
			);
			runOnlyForDeploymentPostprocessing = 0;
		};
		27812F5C1DC9182C00788771 /* Resources */ = {
			isa = PBXResourcesBuildPhase;
			buildActionMask = 2147483647;
			files = (
			);
			runOnlyForDeploymentPostprocessing = 0;
		};
/* End PBXResourcesBuildPhase section */

/* Begin PBXSourcesBuildPhase section */
		27812F3B1DC9182C00788771 /* Sources */ = {
			isa = PBXSourcesBuildPhase;
			buildActionMask = 2147483647;
			files = (
				27812F451DC9182C00788771 /* ViewController.swift in Sources */,
				27812F431DC9182C00788771 /* AppDelegate.swift in Sources */,
			);
			runOnlyForDeploymentPostprocessing = 0;
		};
		27812F4F1DC9182C00788771 /* Sources */ = {
			isa = PBXSourcesBuildPhase;
			buildActionMask = 2147483647;
			files = (
				27812F581DC9182C00788771 /* storyboardTests.swift in Sources */,
			);
			runOnlyForDeploymentPostprocessing = 0;
		};
		27812F5A1DC9182C00788771 /* Sources */ = {
			isa = PBXSourcesBuildPhase;
			buildActionMask = 2147483647;
			files = (
				27812F631DC9182C00788771 /* storyboardUITests.swift in Sources */,
			);
			runOnlyForDeploymentPostprocessing = 0;
		};
/* End PBXSourcesBuildPhase section */

/* Begin PBXTargetDependency section */
		27812F551DC9182C00788771 /* PBXTargetDependency */ = {
			isa = PBXTargetDependency;
			target = 27812F3E1DC9182C00788771 /* storyboard */;
			targetProxy = 27812F541DC9182C00788771 /* PBXContainerItemProxy */;
		};
		27812F601DC9182C00788771 /* PBXTargetDependency */ = {
			isa = PBXTargetDependency;
			target = 27812F3E1DC9182C00788771 /* storyboard */;
			targetProxy = 27812F5F1DC9182C00788771 /* PBXContainerItemProxy */;
		};
/* End PBXTargetDependency section */

/* Begin PBXVariantGroup section */
		27812F461DC9182C00788771 /* Main.storyboard */ = {
			isa = PBXVariantGroup;
			children = (
				27812F471DC9182C00788771 /* Base */,
			);
			name = Main.storyboard;
			sourceTree = "<group>";
		};
		27812F4B1DC9182C00788771 /* LaunchScreen.storyboard */ = {
			isa = PBXVariantGroup;
			children = (
				27812F4C1DC9182C00788771 /* Base */,
			);
			name = LaunchScreen.storyboard;
			sourceTree = "<group>";
		};
/* End PBXVariantGroup section */

/* Begin XCBuildConfiguration section */
		27812F651DC9182C00788771 /* Debug */ = {
			isa = XCBuildConfiguration;
			buildSettings = {
				ALWAYS_SEARCH_USER_PATHS = NO;
				CLANG_ANALYZER_NONNULL = YES;
				CLANG_CXX_LANGUAGE_STANDARD = "gnu++0x";
				CLANG_CXX_LIBRARY = "libc++";
				CLANG_ENABLE_MODULES = YES;
				CLANG_ENABLE_OBJC_ARC = YES;
				CLANG_WARN_BOOL_CONVERSION = YES;
				CLANG_WARN_CONSTANT_CONVERSION = YES;
				CLANG_WARN_DIRECT_OBJC_ISA_USAGE = YES_ERROR;
				CLANG_WARN_DOCUMENTATION_COMMENTS = YES;
				CLANG_WARN_EMPTY_BODY = YES;
				CLANG_WARN_ENUM_CONVERSION = YES;
				CLANG_WARN_INFINITE_RECURSION = YES;
				CLANG_WARN_INT_CONVERSION = YES;
				CLANG_WARN_OBJC_ROOT_CLASS = YES_ERROR;
				CLANG_WARN_SUSPICIOUS_MOVES = YES;
				CLANG_WARN_UNREACHABLE_CODE = YES;
				CLANG_WARN__DUPLICATE_METHOD_MATCH = YES;
				"CODE_SIGN_IDENTITY[sdk=iphoneos*]" = "iPhone Developer";
				COPY_PHASE_STRIP = NO;
				DEBUG_INFORMATION_FORMAT = dwarf;
				ENABLE_STRICT_OBJC_MSGSEND = YES;
				ENABLE_TESTABILITY = YES;
				GCC_C_LANGUAGE_STANDARD = gnu99;
				GCC_DYNAMIC_NO_PIC = NO;
				GCC_NO_COMMON_BLOCKS = YES;
				GCC_OPTIMIZATION_LEVEL = 0;
				GCC_PREPROCESSOR_DEFINITIONS = (
					"DEBUG=1",
					"$(inherited)",
				);
				GCC_WARN_64_TO_32_BIT_CONVERSION = YES;
				GCC_WARN_ABOUT_RETURN_TYPE = YES_ERROR;
				GCC_WARN_UNDECLARED_SELECTOR = YES;
				GCC_WARN_UNINITIALIZED_AUTOS = YES_AGGRESSIVE;
				GCC_WARN_UNUSED_FUNCTION = YES;
				GCC_WARN_UNUSED_VARIABLE = YES;
				IPHONEOS_DEPLOYMENT_TARGET = 10.1;
				MTL_ENABLE_DEBUG_INFO = YES;
				ONLY_ACTIVE_ARCH = YES;
				SDKROOT = iphoneos;
				SWIFT_ACTIVE_COMPILATION_CONDITIONS = DEBUG;
				SWIFT_OPTIMIZATION_LEVEL = "-Onone";
				TARGETED_DEVICE_FAMILY = "1,2";
			};
			name = Debug;
		};
		27812F661DC9182C00788771 /* Release */ = {
			isa = XCBuildConfiguration;
			buildSettings = {
				ALWAYS_SEARCH_USER_PATHS = NO;
				CLANG_ANALYZER_NONNULL = YES;
				CLANG_CXX_LANGUAGE_STANDARD = "gnu++0x";
				CLANG_CXX_LIBRARY = "libc++";
				CLANG_ENABLE_MODULES = YES;
				CLANG_ENABLE_OBJC_ARC = YES;
				CLANG_WARN_BOOL_CONVERSION = YES;
				CLANG_WARN_CONSTANT_CONVERSION = YES;
				CLANG_WARN_DIRECT_OBJC_ISA_USAGE = YES_ERROR;
				CLANG_WARN_DOCUMENTATION_COMMENTS = YES;
				CLANG_WARN_EMPTY_BODY = YES;
				CLANG_WARN_ENUM_CONVERSION = YES;
				CLANG_WARN_INFINITE_RECURSION = YES;
				CLANG_WARN_INT_CONVERSION = YES;
				CLANG_WARN_OBJC_ROOT_CLASS = YES_ERROR;
				CLANG_WARN_SUSPICIOUS_MOVES = YES;
				CLANG_WARN_UNREACHABLE_CODE = YES;
				CLANG_WARN__DUPLICATE_METHOD_MATCH = YES;
				"CODE_SIGN_IDENTITY[sdk=iphoneos*]" = "iPhone Developer";
				COPY_PHASE_STRIP = NO;
				DEBUG_INFORMATION_FORMAT = "dwarf-with-dsym";
				ENABLE_NS_ASSERTIONS = NO;
				ENABLE_STRICT_OBJC_MSGSEND = YES;
				GCC_C_LANGUAGE_STANDARD = gnu99;
				GCC_NO_COMMON_BLOCKS = YES;
				GCC_WARN_64_TO_32_BIT_CONVERSION = YES;
				GCC_WARN_ABOUT_RETURN_TYPE = YES_ERROR;
				GCC_WARN_UNDECLARED_SELECTOR = YES;
				GCC_WARN_UNINITIALIZED_AUTOS = YES_AGGRESSIVE;
				GCC_WARN_UNUSED_FUNCTION = YES;
				GCC_WARN_UNUSED_VARIABLE = YES;
				IPHONEOS_DEPLOYMENT_TARGET = 10.1;
				MTL_ENABLE_DEBUG_INFO = NO;
				SDKROOT = iphoneos;
				SWIFT_OPTIMIZATION_LEVEL = "-Owholemodule";
				TARGETED_DEVICE_FAMILY = "1,2";
				VALIDATE_PRODUCT = YES;
			};
			name = Release;
		};
		27812F681DC9182C00788771 /* Debug */ = {
			isa = XCBuildConfiguration;
			buildSettings = {
				ASSETCATALOG_COMPILER_APPICON_NAME = AppIcon;
				INFOPLIST_FILE = storyboard/Info.plist;
				LD_RUNPATH_SEARCH_PATHS = "$(inherited) @executable_path/Frameworks";
				PRODUCT_BUNDLE_IDENTIFIER = test.storyboard;
				PRODUCT_NAME = "$(TARGET_NAME)";
				SWIFT_VERSION = 3.0;
			};
			name = Debug;
		};
		27812F691DC9182C00788771 /* Release */ = {
			isa = XCBuildConfiguration;
			buildSettings = {
				ASSETCATALOG_COMPILER_APPICON_NAME = AppIcon;
				INFOPLIST_FILE = storyboard/Info.plist;
				LD_RUNPATH_SEARCH_PATHS = "$(inherited) @executable_path/Frameworks";
				PRODUCT_BUNDLE_IDENTIFIER = test.storyboard;
				PRODUCT_NAME = "$(TARGET_NAME)";
				SWIFT_VERSION = 3.0;
			};
			name = Release;
		};
		27812F6B1DC9182C00788771 /* Debug */ = {
			isa = XCBuildConfiguration;
			buildSettings = {
				ALWAYS_EMBED_SWIFT_STANDARD_LIBRARIES = YES;
				BUNDLE_LOADER = "$(TEST_HOST)";
				INFOPLIST_FILE = storyboardTests/Info.plist;
				LD_RUNPATH_SEARCH_PATHS = "$(inherited) @executable_path/Frameworks @loader_path/Frameworks";
				PRODUCT_BUNDLE_IDENTIFIER = test.storyboardTests;
				PRODUCT_NAME = "$(TARGET_NAME)";
				SWIFT_VERSION = 3.0;
				TEST_HOST = "$(BUILT_PRODUCTS_DIR)/storyboard.app/storyboard";
			};
			name = Debug;
		};
		27812F6C1DC9182C00788771 /* Release */ = {
			isa = XCBuildConfiguration;
			buildSettings = {
				ALWAYS_EMBED_SWIFT_STANDARD_LIBRARIES = YES;
				BUNDLE_LOADER = "$(TEST_HOST)";
				INFOPLIST_FILE = storyboardTests/Info.plist;
				LD_RUNPATH_SEARCH_PATHS = "$(inherited) @executable_path/Frameworks @loader_path/Frameworks";
				PRODUCT_BUNDLE_IDENTIFIER = test.storyboardTests;
				PRODUCT_NAME = "$(TARGET_NAME)";
				SWIFT_VERSION = 3.0;
				TEST_HOST = "$(BUILT_PRODUCTS_DIR)/storyboard.app/storyboard";
			};
			name = Release;
		};
		27812F6E1DC9182C00788771 /* Debug */ = {
			isa = XCBuildConfiguration;
			buildSettings = {
				ALWAYS_EMBED_SWIFT_STANDARD_LIBRARIES = YES;
				INFOPLIST_FILE = storyboardUITests/Info.plist;
				LD_RUNPATH_SEARCH_PATHS = "$(inherited) @executable_path/Frameworks @loader_path/Frameworks";
				PRODUCT_BUNDLE_IDENTIFIER = test.storyboardUITests;
				PRODUCT_NAME = "$(TARGET_NAME)";
				SWIFT_VERSION = 3.0;
				TEST_TARGET_NAME = storyboard;
			};
			name = Debug;
		};
		27812F6F1DC9182C00788771 /* Release */ = {
			isa = XCBuildConfiguration;
			buildSettings = {
				ALWAYS_EMBED_SWIFT_STANDARD_LIBRARIES = YES;
				INFOPLIST_FILE = storyboardUITests/Info.plist;
				LD_RUNPATH_SEARCH_PATHS = "$(inherited) @executable_path/Frameworks @loader_path/Frameworks";
				PRODUCT_BUNDLE_IDENTIFIER = test.storyboardUITests;
				PRODUCT_NAME = "$(TARGET_NAME)";
				SWIFT_VERSION = 3.0;
				TEST_TARGET_NAME = storyboard;
			};
			name = Release;
		};
/* End XCBuildConfiguration section */

/* Begin XCConfigurationList section */
		27812F3A1DC9182C00788771 /* Build configuration list for PBXProject "storyboard" */ = {
			isa = XCConfigurationList;
			buildConfigurations = (
				27812F651DC9182C00788771 /* Debug */,
				27812F661DC9182C00788771 /* Release */,
			);
			defaultConfigurationIsVisible = 0;
			defaultConfigurationName = Release;
		};
		27812F671DC9182C00788771 /* Build configuration list for PBXNativeTarget "storyboard" */ = {
			isa = XCConfigurationList;
			buildConfigurations = (
				27812F681DC9182C00788771 /* Debug */,
				27812F691DC9182C00788771 /* Release */,
			);
			defaultConfigurationIsVisible = 0;
		};
		27812F6A1DC9182C00788771 /* Build configuration list for PBXNativeTarget "storyboardTests" */ = {
			isa = XCConfigurationList;
			buildConfigurations = (
				27812F6B1DC9182C00788771 /* Debug */,
				27812F6C1DC9182C00788771 /* Release */,
			);
			defaultConfigurationIsVisible = 0;
		};
		27812F6D1DC9182C00788771 /* Build configuration list for PBXNativeTarget "storyboardUITests" */ = {
			isa = XCConfigurationList;
			buildConfigurations = (
				27812F6E1DC9182C00788771 /* Debug */,
				27812F6F1DC9182C00788771 /* Release */,
			);
			defaultConfigurationIsVisible = 0;
		};
/* End XCConfigurationList section */
	};
	rootObject = 27812F371DC9182C00788771 /* Project object */;
}
