// !$*UTF8*$!
{
	archiveVersion = 1;
	classes = {
	};
	objectVersion = 46;
	objects = {

/* Begin PBXBuildFile section */
		2743EB311DCB1400009123B9 /* AppDelegate.swift in Sources */ = {isa = PBXBuildFile; fileRef = 2743EB301DCB1400009123B9 /* AppDelegate.swift */; };
		2743EB331DCB1400009123B9 /* ViewController.swift in Sources */ = {isa = PBXBuildFile; fileRef = 2743EB321DCB1400009123B9 /* ViewController.swift */; };
		2743EB361DCB1400009123B9 /* Main.storyboard in Resources */ = {isa = PBXBuildFile; fileRef = 2743EB341DCB1400009123B9 /* Main.storyboard */; };
		2743EB381DCB1400009123B9 /* Assets.xcassets in Resources */ = {isa = PBXBuildFile; fileRef = 2743EB371DCB1400009123B9 /* Assets.xcassets */; };
		2743EB3B1DCB1400009123B9 /* LaunchScreen.storyboard in Resources */ = {isa = PBXBuildFile; fileRef = 2743EB391DCB1400009123B9 /* LaunchScreen.storyboard */; };
		2743EB461DCB1400009123B9 /* first_projectTests.swift in Sources */ = {isa = PBXBuildFile; fileRef = 2743EB451DCB1400009123B9 /* first_projectTests.swift */; };
		2743EB511DCB1400009123B9 /* first_projectUITests.swift in Sources */ = {isa = PBXBuildFile; fileRef = 2743EB501DCB1400009123B9 /* first_projectUITests.swift */; };
/* End PBXBuildFile section */

/* Begin PBXContainerItemProxy section */
		2743EB421DCB1400009123B9 /* PBXContainerItemProxy */ = {
			isa = PBXContainerItemProxy;
			containerPortal = 2743EB251DCB1400009123B9 /* Project object */;
			proxyType = 1;
			remoteGlobalIDString = 2743EB2C1DCB1400009123B9;
			remoteInfo = first_project;
		};
		2743EB4D1DCB1400009123B9 /* PBXContainerItemProxy */ = {
			isa = PBXContainerItemProxy;
			containerPortal = 2743EB251DCB1400009123B9 /* Project object */;
			proxyType = 1;
			remoteGlobalIDString = 2743EB2C1DCB1400009123B9;
			remoteInfo = first_project;
		};
/* End PBXContainerItemProxy section */

/* Begin PBXFileReference section */
		2743EB2D1DCB1400009123B9 /* first_project.app */ = {isa = PBXFileReference; explicitFileType = wrapper.application; includeInIndex = 0; path = first_project.app; sourceTree = BUILT_PRODUCTS_DIR; };
		2743EB301DCB1400009123B9 /* AppDelegate.swift */ = {isa = PBXFileReference; lastKnownFileType = sourcecode.swift; path = AppDelegate.swift; sourceTree = "<group>"; };
		2743EB321DCB1400009123B9 /* ViewController.swift */ = {isa = PBXFileReference; lastKnownFileType = sourcecode.swift; path = ViewController.swift; sourceTree = "<group>"; };
		2743EB351DCB1400009123B9 /* Base */ = {isa = PBXFileReference; lastKnownFileType = file.storyboard; name = Base; path = Base.lproj/Main.storyboard; sourceTree = "<group>"; };
		2743EB371DCB1400009123B9 /* Assets.xcassets */ = {isa = PBXFileReference; lastKnownFileType = folder.assetcatalog; path = Assets.xcassets; sourceTree = "<group>"; };
		2743EB3A1DCB1400009123B9 /* Base */ = {isa = PBXFileReference; lastKnownFileType = file.storyboard; name = Base; path = Base.lproj/LaunchScreen.storyboard; sourceTree = "<group>"; };
		2743EB3C1DCB1400009123B9 /* Info.plist */ = {isa = PBXFileReference; lastKnownFileType = text.plist.xml; path = Info.plist; sourceTree = "<group>"; };
		2743EB411DCB1400009123B9 /* first_projectTests.xctest */ = {isa = PBXFileReference; explicitFileType = wrapper.cfbundle; includeInIndex = 0; path = first_projectTests.xctest; sourceTree = BUILT_PRODUCTS_DIR; };
		2743EB451DCB1400009123B9 /* first_projectTests.swift */ = {isa = PBXFileReference; lastKnownFileType = sourcecode.swift; path = first_projectTests.swift; sourceTree = "<group>"; };
		2743EB471DCB1400009123B9 /* Info.plist */ = {isa = PBXFileReference; lastKnownFileType = text.plist.xml; path = Info.plist; sourceTree = "<group>"; };
		2743EB4C1DCB1400009123B9 /* first_projectUITests.xctest */ = {isa = PBXFileReference; explicitFileType = wrapper.cfbundle; includeInIndex = 0; path = first_projectUITests.xctest; sourceTree = BUILT_PRODUCTS_DIR; };
		2743EB501DCB1400009123B9 /* first_projectUITests.swift */ = {isa = PBXFileReference; lastKnownFileType = sourcecode.swift; path = first_projectUITests.swift; sourceTree = "<group>"; };
		2743EB521DCB1400009123B9 /* Info.plist */ = {isa = PBXFileReference; lastKnownFileType = text.plist.xml; path = Info.plist; sourceTree = "<group>"; };
/* End PBXFileReference section */

/* Begin PBXFrameworksBuildPhase section */
		2743EB2A1DCB1400009123B9 /* Frameworks */ = {
			isa = PBXFrameworksBuildPhase;
			buildActionMask = 2147483647;
			files = (
			);
			runOnlyForDeploymentPostprocessing = 0;
		};
		2743EB3E1DCB1400009123B9 /* Frameworks */ = {
			isa = PBXFrameworksBuildPhase;
			buildActionMask = 2147483647;
			files = (
			);
			runOnlyForDeploymentPostprocessing = 0;
		};
		2743EB491DCB1400009123B9 /* Frameworks */ = {
			isa = PBXFrameworksBuildPhase;
			buildActionMask = 2147483647;
			files = (
			);
			runOnlyForDeploymentPostprocessing = 0;
		};
/* End PBXFrameworksBuildPhase section */

/* Begin PBXGroup section */
		2743EB241DCB1400009123B9 = {
			isa = PBXGroup;
			children = (
				2743EB2F1DCB1400009123B9 /* first_project */,
				2743EB441DCB1400009123B9 /* first_projectTests */,
				2743EB4F1DCB1400009123B9 /* first_projectUITests */,
				2743EB2E1DCB1400009123B9 /* Products */,
			);
			sourceTree = "<group>";
		};
		2743EB2E1DCB1400009123B9 /* Products */ = {
			isa = PBXGroup;
			children = (
				2743EB2D1DCB1400009123B9 /* first_project.app */,
				2743EB411DCB1400009123B9 /* first_projectTests.xctest */,
				2743EB4C1DCB1400009123B9 /* first_projectUITests.xctest */,
			);
			name = Products;
			sourceTree = "<group>";
		};
		2743EB2F1DCB1400009123B9 /* first_project */ = {
			isa = PBXGroup;
			children = (
				2743EB301DCB1400009123B9 /* AppDelegate.swift */,
				2743EB321DCB1400009123B9 /* ViewController.swift */,
				2743EB341DCB1400009123B9 /* Main.storyboard */,
				2743EB371DCB1400009123B9 /* Assets.xcassets */,
				2743EB391DCB1400009123B9 /* LaunchScreen.storyboard */,
				2743EB3C1DCB1400009123B9 /* Info.plist */,
			);
			path = first_project;
			sourceTree = "<group>";
		};
		2743EB441DCB1400009123B9 /* first_projectTests */ = {
			isa = PBXGroup;
			children = (
				2743EB451DCB1400009123B9 /* first_projectTests.swift */,
				2743EB471DCB1400009123B9 /* Info.plist */,
			);
			path = first_projectTests;
			sourceTree = "<group>";
		};
		2743EB4F1DCB1400009123B9 /* first_projectUITests */ = {
			isa = PBXGroup;
			children = (
				2743EB501DCB1400009123B9 /* first_projectUITests.swift */,
				2743EB521DCB1400009123B9 /* Info.plist */,
			);
			path = first_projectUITests;
			sourceTree = "<group>";
		};
/* End PBXGroup section */

/* Begin PBXNativeTarget section */
		2743EB2C1DCB1400009123B9 /* first_project */ = {
			isa = PBXNativeTarget;
			buildConfigurationList = 2743EB551DCB1400009123B9 /* Build configuration list for PBXNativeTarget "first_project" */;
			buildPhases = (
				2743EB291DCB1400009123B9 /* Sources */,
				2743EB2A1DCB1400009123B9 /* Frameworks */,
				2743EB2B1DCB1400009123B9 /* Resources */,
			);
			buildRules = (
			);
			dependencies = (
			);
			name = first_project;
			productName = first_project;
			productReference = 2743EB2D1DCB1400009123B9 /* first_project.app */;
			productType = "com.apple.product-type.application";
		};
		2743EB401DCB1400009123B9 /* first_projectTests */ = {
			isa = PBXNativeTarget;
			buildConfigurationList = 2743EB581DCB1400009123B9 /* Build configuration list for PBXNativeTarget "first_projectTests" */;
			buildPhases = (
				2743EB3D1DCB1400009123B9 /* Sources */,
				2743EB3E1DCB1400009123B9 /* Frameworks */,
				2743EB3F1DCB1400009123B9 /* Resources */,
			);
			buildRules = (
			);
			dependencies = (
				2743EB431DCB1400009123B9 /* PBXTargetDependency */,
			);
			name = first_projectTests;
			productName = first_projectTests;
			productReference = 2743EB411DCB1400009123B9 /* first_projectTests.xctest */;
			productType = "com.apple.product-type.bundle.unit-test";
		};
		2743EB4B1DCB1400009123B9 /* first_projectUITests */ = {
			isa = PBXNativeTarget;
			buildConfigurationList = 2743EB5B1DCB1400009123B9 /* Build configuration list for PBXNativeTarget "first_projectUITests" */;
			buildPhases = (
				2743EB481DCB1400009123B9 /* Sources */,
				2743EB491DCB1400009123B9 /* Frameworks */,
				2743EB4A1DCB1400009123B9 /* Resources */,
			);
			buildRules = (
			);
			dependencies = (
				2743EB4E1DCB1400009123B9 /* PBXTargetDependency */,
			);
			name = first_projectUITests;
			productName = first_projectUITests;
			productReference = 2743EB4C1DCB1400009123B9 /* first_projectUITests.xctest */;
			productType = "com.apple.product-type.bundle.ui-testing";
		};
/* End PBXNativeTarget section */

/* Begin PBXProject section */
		2743EB251DCB1400009123B9 /* Project object */ = {
			isa = PBXProject;
			attributes = {
				LastSwiftUpdateCheck = 0810;
				LastUpgradeCheck = 0810;
				ORGANIZATIONNAME = "Minh Pham";
				TargetAttributes = {
					2743EB2C1DCB1400009123B9 = {
						CreatedOnToolsVersion = 8.1;
						ProvisioningStyle = Automatic;
					};
					2743EB401DCB1400009123B9 = {
						CreatedOnToolsVersion = 8.1;
						ProvisioningStyle = Automatic;
						TestTargetID = 2743EB2C1DCB1400009123B9;
					};
					2743EB4B1DCB1400009123B9 = {
						CreatedOnToolsVersion = 8.1;
						ProvisioningStyle = Automatic;
						TestTargetID = 2743EB2C1DCB1400009123B9;
					};
				};
			};
			buildConfigurationList = 2743EB281DCB1400009123B9 /* Build configuration list for PBXProject "first_project" */;
			compatibilityVersion = "Xcode 3.2";
			developmentRegion = English;
			hasScannedForEncodings = 0;
			knownRegions = (
				en,
				Base,
			);
			mainGroup = 2743EB241DCB1400009123B9;
			productRefGroup = 2743EB2E1DCB1400009123B9 /* Products */;
			projectDirPath = "";
			projectRoot = "";
			targets = (
				2743EB2C1DCB1400009123B9 /* first_project */,
				2743EB401DCB1400009123B9 /* first_projectTests */,
				2743EB4B1DCB1400009123B9 /* first_projectUITests */,
			);
		};
/* End PBXProject section */

/* Begin PBXResourcesBuildPhase section */
		2743EB2B1DCB1400009123B9 /* Resources */ = {
			isa = PBXResourcesBuildPhase;
			buildActionMask = 2147483647;
			files = (
				2743EB3B1DCB1400009123B9 /* LaunchScreen.storyboard in Resources */,
				2743EB381DCB1400009123B9 /* Assets.xcassets in Resources */,
				2743EB361DCB1400009123B9 /* Main.storyboard in Resources */,
			);
			runOnlyForDeploymentPostprocessing = 0;
		};
		2743EB3F1DCB1400009123B9 /* Resources */ = {
			isa = PBXResourcesBuildPhase;
			buildActionMask = 2147483647;
			files = (
			);
			runOnlyForDeploymentPostprocessing = 0;
		};
		2743EB4A1DCB1400009123B9 /* Resources */ = {
			isa = PBXResourcesBuildPhase;
			buildActionMask = 2147483647;
			files = (
			);
			runOnlyForDeploymentPostprocessing = 0;
		};
/* End PBXResourcesBuildPhase section */

/* Begin PBXSourcesBuildPhase section */
		2743EB291DCB1400009123B9 /* Sources */ = {
			isa = PBXSourcesBuildPhase;
			buildActionMask = 2147483647;
			files = (
				2743EB331DCB1400009123B9 /* ViewController.swift in Sources */,
				2743EB311DCB1400009123B9 /* AppDelegate.swift in Sources */,
			);
			runOnlyForDeploymentPostprocessing = 0;
		};
		2743EB3D1DCB1400009123B9 /* Sources */ = {
			isa = PBXSourcesBuildPhase;
			buildActionMask = 2147483647;
			files = (
				2743EB461DCB1400009123B9 /* first_projectTests.swift in Sources */,
			);
			runOnlyForDeploymentPostprocessing = 0;
		};
		2743EB481DCB1400009123B9 /* Sources */ = {
			isa = PBXSourcesBuildPhase;
			buildActionMask = 2147483647;
			files = (
				2743EB511DCB1400009123B9 /* first_projectUITests.swift in Sources */,
			);
			runOnlyForDeploymentPostprocessing = 0;
		};
/* End PBXSourcesBuildPhase section */

/* Begin PBXTargetDependency section */
		2743EB431DCB1400009123B9 /* PBXTargetDependency */ = {
			isa = PBXTargetDependency;
			target = 2743EB2C1DCB1400009123B9 /* first_project */;
			targetProxy = 2743EB421DCB1400009123B9 /* PBXContainerItemProxy */;
		};
		2743EB4E1DCB1400009123B9 /* PBXTargetDependency */ = {
			isa = PBXTargetDependency;
			target = 2743EB2C1DCB1400009123B9 /* first_project */;
			targetProxy = 2743EB4D1DCB1400009123B9 /* PBXContainerItemProxy */;
		};
/* End PBXTargetDependency section */

/* Begin PBXVariantGroup section */
		2743EB341DCB1400009123B9 /* Main.storyboard */ = {
			isa = PBXVariantGroup;
			children = (
				2743EB351DCB1400009123B9 /* Base */,
			);
			name = Main.storyboard;
			sourceTree = "<group>";
		};
		2743EB391DCB1400009123B9 /* LaunchScreen.storyboard */ = {
			isa = PBXVariantGroup;
			children = (
				2743EB3A1DCB1400009123B9 /* Base */,
			);
			name = LaunchScreen.storyboard;
			sourceTree = "<group>";
		};
/* End PBXVariantGroup section */

/* Begin XCBuildConfiguration section */
		2743EB531DCB1400009123B9 /* Debug */ = {
			isa = XCBuildConfiguration;
			buildSettings = {
				ALWAYS_SEARCH_USER_PATHS = NO;
				CLANG_ANALYZER_NONNULL = YES;
				CLANG_CXX_LANGUAGE_STANDARD = "gnu++0x";
				CLANG_CXX_LIBRARY = "libc++";
				CLANG_ENABLE_MODULES = YES;
				CLANG_ENABLE_OBJC_ARC = YES;
				CLANG_WARN_BOOL_CONVERSION = YES;
				CLANG_WARN_CONSTANT_CONVERSION = YES;
				CLANG_WARN_DIRECT_OBJC_ISA_USAGE = YES_ERROR;
				CLANG_WARN_DOCUMENTATION_COMMENTS = YES;
				CLANG_WARN_EMPTY_BODY = YES;
				CLANG_WARN_ENUM_CONVERSION = YES;
				CLANG_WARN_INFINITE_RECURSION = YES;
				CLANG_WARN_INT_CONVERSION = YES;
				CLANG_WARN_OBJC_ROOT_CLASS = YES_ERROR;
				CLANG_WARN_SUSPICIOUS_MOVES = YES;
				CLANG_WARN_UNREACHABLE_CODE = YES;
				CLANG_WARN__DUPLICATE_METHOD_MATCH = YES;
				"CODE_SIGN_IDENTITY[sdk=iphoneos*]" = "iPhone Developer";
				COPY_PHASE_STRIP = NO;
				DEBUG_INFORMATION_FORMAT = dwarf;
				ENABLE_STRICT_OBJC_MSGSEND = YES;
				ENABLE_TESTABILITY = YES;
				GCC_C_LANGUAGE_STANDARD = gnu99;
				GCC_DYNAMIC_NO_PIC = NO;
				GCC_NO_COMMON_BLOCKS = YES;
				GCC_OPTIMIZATION_LEVEL = 0;
				GCC_PREPROCESSOR_DEFINITIONS = (
					"DEBUG=1",
					"$(inherited)",
				);
				GCC_WARN_64_TO_32_BIT_CONVERSION = YES;
				GCC_WARN_ABOUT_RETURN_TYPE = YES_ERROR;
				GCC_WARN_UNDECLARED_SELECTOR = YES;
				GCC_WARN_UNINITIALIZED_AUTOS = YES_AGGRESSIVE;
				GCC_WARN_UNUSED_FUNCTION = YES;
				GCC_WARN_UNUSED_VARIABLE = YES;
				IPHONEOS_DEPLOYMENT_TARGET = 10.1;
				MTL_ENABLE_DEBUG_INFO = YES;
				ONLY_ACTIVE_ARCH = YES;
				SDKROOT = iphoneos;
				SWIFT_ACTIVE_COMPILATION_CONDITIONS = DEBUG;
				SWIFT_OPTIMIZATION_LEVEL = "-Onone";
				TARGETED_DEVICE_FAMILY = "1,2";
			};
			name = Debug;
		};
		2743EB541DCB1400009123B9 /* Release */ = {
			isa = XCBuildConfiguration;
			buildSettings = {
				ALWAYS_SEARCH_USER_PATHS = NO;
				CLANG_ANALYZER_NONNULL = YES;
				CLANG_CXX_LANGUAGE_STANDARD = "gnu++0x";
				CLANG_CXX_LIBRARY = "libc++";
				CLANG_ENABLE_MODULES = YES;
				CLANG_ENABLE_OBJC_ARC = YES;
				CLANG_WARN_BOOL_CONVERSION = YES;
				CLANG_WARN_CONSTANT_CONVERSION = YES;
				CLANG_WARN_DIRECT_OBJC_ISA_USAGE = YES_ERROR;
				CLANG_WARN_DOCUMENTATION_COMMENTS = YES;
				CLANG_WARN_EMPTY_BODY = YES;
				CLANG_WARN_ENUM_CONVERSION = YES;
				CLANG_WARN_INFINITE_RECURSION = YES;
				CLANG_WARN_INT_CONVERSION = YES;
				CLANG_WARN_OBJC_ROOT_CLASS = YES_ERROR;
				CLANG_WARN_SUSPICIOUS_MOVES = YES;
				CLANG_WARN_UNREACHABLE_CODE = YES;
				CLANG_WARN__DUPLICATE_METHOD_MATCH = YES;
				"CODE_SIGN_IDENTITY[sdk=iphoneos*]" = "iPhone Developer";
				COPY_PHASE_STRIP = NO;
				DEBUG_INFORMATION_FORMAT = "dwarf-with-dsym";
				ENABLE_NS_ASSERTIONS = NO;
				ENABLE_STRICT_OBJC_MSGSEND = YES;
				GCC_C_LANGUAGE_STANDARD = gnu99;
				GCC_NO_COMMON_BLOCKS = YES;
				GCC_WARN_64_TO_32_BIT_CONVERSION = YES;
				GCC_WARN_ABOUT_RETURN_TYPE = YES_ERROR;
				GCC_WARN_UNDECLARED_SELECTOR = YES;
				GCC_WARN_UNINITIALIZED_AUTOS = YES_AGGRESSIVE;
				GCC_WARN_UNUSED_FUNCTION = YES;
				GCC_WARN_UNUSED_VARIABLE = YES;
				IPHONEOS_DEPLOYMENT_TARGET = 10.1;
				MTL_ENABLE_DEBUG_INFO = NO;
				SDKROOT = iphoneos;
				SWIFT_OPTIMIZATION_LEVEL = "-Owholemodule";
				TARGETED_DEVICE_FAMILY = "1,2";
				VALIDATE_PRODUCT = YES;
			};
			name = Release;
		};
		2743EB561DCB1400009123B9 /* Debug */ = {
			isa = XCBuildConfiguration;
			buildSettings = {
				ASSETCATALOG_COMPILER_APPICON_NAME = AppIcon;
				INFOPLIST_FILE = first_project/Info.plist;
				LD_RUNPATH_SEARCH_PATHS = "$(inherited) @executable_path/Frameworks";
				PRODUCT_BUNDLE_IDENTIFIER = "intro-to-ios.first-project";
				PRODUCT_NAME = "$(TARGET_NAME)";
				SWIFT_VERSION = 3.0;
			};
			name = Debug;
		};
		2743EB571DCB1400009123B9 /* Release */ = {
			isa = XCBuildConfiguration;
			buildSettings = {
				ASSETCATALOG_COMPILER_APPICON_NAME = AppIcon;
				INFOPLIST_FILE = first_project/Info.plist;
				LD_RUNPATH_SEARCH_PATHS = "$(inherited) @executable_path/Frameworks";
				PRODUCT_BUNDLE_IDENTIFIER = "intro-to-ios.first-project";
				PRODUCT_NAME = "$(TARGET_NAME)";
				SWIFT_VERSION = 3.0;
			};
			name = Release;
		};
		2743EB591DCB1400009123B9 /* Debug */ = {
			isa = XCBuildConfiguration;
			buildSettings = {
				ALWAYS_EMBED_SWIFT_STANDARD_LIBRARIES = YES;
				BUNDLE_LOADER = "$(TEST_HOST)";
				INFOPLIST_FILE = first_projectTests/Info.plist;
				LD_RUNPATH_SEARCH_PATHS = "$(inherited) @executable_path/Frameworks @loader_path/Frameworks";
				PRODUCT_BUNDLE_IDENTIFIER = "intro-to-ios.first-projectTests";
				PRODUCT_NAME = "$(TARGET_NAME)";
				SWIFT_VERSION = 3.0;
				TEST_HOST = "$(BUILT_PRODUCTS_DIR)/first_project.app/first_project";
			};
			name = Debug;
		};
		2743EB5A1DCB1400009123B9 /* Release */ = {
			isa = XCBuildConfiguration;
			buildSettings = {
				ALWAYS_EMBED_SWIFT_STANDARD_LIBRARIES = YES;
				BUNDLE_LOADER = "$(TEST_HOST)";
				INFOPLIST_FILE = first_projectTests/Info.plist;
				LD_RUNPATH_SEARCH_PATHS = "$(inherited) @executable_path/Frameworks @loader_path/Frameworks";
				PRODUCT_BUNDLE_IDENTIFIER = "intro-to-ios.first-projectTests";
				PRODUCT_NAME = "$(TARGET_NAME)";
				SWIFT_VERSION = 3.0;
				TEST_HOST = "$(BUILT_PRODUCTS_DIR)/first_project.app/first_project";
			};
			name = Release;
		};
		2743EB5C1DCB1400009123B9 /* Debug */ = {
			isa = XCBuildConfiguration;
			buildSettings = {
				ALWAYS_EMBED_SWIFT_STANDARD_LIBRARIES = YES;
				INFOPLIST_FILE = first_projectUITests/Info.plist;
				LD_RUNPATH_SEARCH_PATHS = "$(inherited) @executable_path/Frameworks @loader_path/Frameworks";
				PRODUCT_BUNDLE_IDENTIFIER = "intro-to-ios.first-projectUITests";
				PRODUCT_NAME = "$(TARGET_NAME)";
				SWIFT_VERSION = 3.0;
				TEST_TARGET_NAME = first_project;
			};
			name = Debug;
		};
		2743EB5D1DCB1400009123B9 /* Release */ = {
			isa = XCBuildConfiguration;
			buildSettings = {
				ALWAYS_EMBED_SWIFT_STANDARD_LIBRARIES = YES;
				INFOPLIST_FILE = first_projectUITests/Info.plist;
				LD_RUNPATH_SEARCH_PATHS = "$(inherited) @executable_path/Frameworks @loader_path/Frameworks";
				PRODUCT_BUNDLE_IDENTIFIER = "intro-to-ios.first-projectUITests";
				PRODUCT_NAME = "$(TARGET_NAME)";
				SWIFT_VERSION = 3.0;
				TEST_TARGET_NAME = first_project;
			};
			name = Release;
		};
/* End XCBuildConfiguration section */

/* Begin XCConfigurationList section */
		2743EB281DCB1400009123B9 /* Build configuration list for PBXProject "first_project" */ = {
			isa = XCConfigurationList;
			buildConfigurations = (
				2743EB531DCB1400009123B9 /* Debug */,
				2743EB541DCB1400009123B9 /* Release */,
			);
			defaultConfigurationIsVisible = 0;
			defaultConfigurationName = Release;
		};
		2743EB551DCB1400009123B9 /* Build configuration list for PBXNativeTarget "first_project" */ = {
			isa = XCConfigurationList;
			buildConfigurations = (
				2743EB561DCB1400009123B9 /* Debug */,
				2743EB571DCB1400009123B9 /* Release */,
			);
			defaultConfigurationIsVisible = 0;
		};
		2743EB581DCB1400009123B9 /* Build configuration list for PBXNativeTarget "first_projectTests" */ = {
			isa = XCConfigurationList;
			buildConfigurations = (
				2743EB591DCB1400009123B9 /* Debug */,
				2743EB5A1DCB1400009123B9 /* Release */,
			);
			defaultConfigurationIsVisible = 0;
		};
		2743EB5B1DCB1400009123B9 /* Build configuration list for PBXNativeTarget "first_projectUITests" */ = {
			isa = XCConfigurationList;
			buildConfigurations = (
				2743EB5C1DCB1400009123B9 /* Debug */,
				2743EB5D1DCB1400009123B9 /* Release */,
			);
			defaultConfigurationIsVisible = 0;
		};
/* End XCConfigurationList section */
	};
	rootObject = 2743EB251DCB1400009123B9 /* Project object */;
}
