// !$*UTF8*$!
{
	archiveVersion = 1;
	classes = {
	};
	objectVersion = 46;
	objects = {

/* Begin PBXBuildFile section */
		279F9D811DCAA8820057BA2B /* AppDelegate.swift in Sources */ = {isa = PBXBuildFile; fileRef = 279F9D801DCAA8820057BA2B /* AppDelegate.swift */; };
		279F9D831DCAA8820057BA2B /* ViewController.swift in Sources */ = {isa = PBXBuildFile; fileRef = 279F9D821DCAA8820057BA2B /* ViewController.swift */; };
		279F9D861DCAA8820057BA2B /* Main.storyboard in Resources */ = {isa = PBXBuildFile; fileRef = 279F9D841DCAA8820057BA2B /* Main.storyboard */; };
		279F9D881DCAA8820057BA2B /* Assets.xcassets in Resources */ = {isa = PBXBuildFile; fileRef = 279F9D871DCAA8820057BA2B /* Assets.xcassets */; };
		279F9D8B1DCAA8820057BA2B /* LaunchScreen.storyboard in Resources */ = {isa = PBXBuildFile; fileRef = 279F9D891DCAA8820057BA2B /* LaunchScreen.storyboard */; };
		279F9D961DCAA8820057BA2B /* calculatorTests.swift in Sources */ = {isa = PBXBuildFile; fileRef = 279F9D951DCAA8820057BA2B /* calculatorTests.swift */; };
		279F9DA11DCAA8820057BA2B /* calculatorUITests.swift in Sources */ = {isa = PBXBuildFile; fileRef = 279F9DA01DCAA8820057BA2B /* calculatorUITests.swift */; };
/* End PBXBuildFile section */

/* Begin PBXContainerItemProxy section */
		279F9D921DCAA8820057BA2B /* PBXContainerItemProxy */ = {
			isa = PBXContainerItemProxy;
			containerPortal = 279F9D751DCAA8820057BA2B /* Project object */;
			proxyType = 1;
			remoteGlobalIDString = 279F9D7C1DCAA8820057BA2B;
			remoteInfo = calculator;
		};
		279F9D9D1DCAA8820057BA2B /* PBXContainerItemProxy */ = {
			isa = PBXContainerItemProxy;
			containerPortal = 279F9D751DCAA8820057BA2B /* Project object */;
			proxyType = 1;
			remoteGlobalIDString = 279F9D7C1DCAA8820057BA2B;
			remoteInfo = calculator;
		};
/* End PBXContainerItemProxy section */

/* Begin PBXFileReference section */
		279F9D7D1DCAA8820057BA2B /* calculator.app */ = {isa = PBXFileReference; explicitFileType = wrapper.application; includeInIndex = 0; path = calculator.app; sourceTree = BUILT_PRODUCTS_DIR; };
		279F9D801DCAA8820057BA2B /* AppDelegate.swift */ = {isa = PBXFileReference; lastKnownFileType = sourcecode.swift; path = AppDelegate.swift; sourceTree = "<group>"; };
		279F9D821DCAA8820057BA2B /* ViewController.swift */ = {isa = PBXFileReference; lastKnownFileType = sourcecode.swift; path = ViewController.swift; sourceTree = "<group>"; };
		279F9D851DCAA8820057BA2B /* Base */ = {isa = PBXFileReference; lastKnownFileType = file.storyboard; name = Base; path = Base.lproj/Main.storyboard; sourceTree = "<group>"; };
		279F9D871DCAA8820057BA2B /* Assets.xcassets */ = {isa = PBXFileReference; lastKnownFileType = folder.assetcatalog; path = Assets.xcassets; sourceTree = "<group>"; };
		279F9D8A1DCAA8820057BA2B /* Base */ = {isa = PBXFileReference; lastKnownFileType = file.storyboard; name = Base; path = Base.lproj/LaunchScreen.storyboard; sourceTree = "<group>"; };
		279F9D8C1DCAA8820057BA2B /* Info.plist */ = {isa = PBXFileReference; lastKnownFileType = text.plist.xml; path = Info.plist; sourceTree = "<group>"; };
		279F9D911DCAA8820057BA2B /* calculatorTests.xctest */ = {isa = PBXFileReference; explicitFileType = wrapper.cfbundle; includeInIndex = 0; path = calculatorTests.xctest; sourceTree = BUILT_PRODUCTS_DIR; };
		279F9D951DCAA8820057BA2B /* calculatorTests.swift */ = {isa = PBXFileReference; lastKnownFileType = sourcecode.swift; path = calculatorTests.swift; sourceTree = "<group>"; };
		279F9D971DCAA8820057BA2B /* Info.plist */ = {isa = PBXFileReference; lastKnownFileType = text.plist.xml; path = Info.plist; sourceTree = "<group>"; };
		279F9D9C1DCAA8820057BA2B /* calculatorUITests.xctest */ = {isa = PBXFileReference; explicitFileType = wrapper.cfbundle; includeInIndex = 0; path = calculatorUITests.xctest; sourceTree = BUILT_PRODUCTS_DIR; };
		279F9DA01DCAA8820057BA2B /* calculatorUITests.swift */ = {isa = PBXFileReference; lastKnownFileType = sourcecode.swift; path = calculatorUITests.swift; sourceTree = "<group>"; };
		279F9DA21DCAA8820057BA2B /* Info.plist */ = {isa = PBXFileReference; lastKnownFileType = text.plist.xml; path = Info.plist; sourceTree = "<group>"; };
/* End PBXFileReference section */

/* Begin PBXFrameworksBuildPhase section */
		279F9D7A1DCAA8820057BA2B /* Frameworks */ = {
			isa = PBXFrameworksBuildPhase;
			buildActionMask = 2147483647;
			files = (
			);
			runOnlyForDeploymentPostprocessing = 0;
		};
		279F9D8E1DCAA8820057BA2B /* Frameworks */ = {
			isa = PBXFrameworksBuildPhase;
			buildActionMask = 2147483647;
			files = (
			);
			runOnlyForDeploymentPostprocessing = 0;
		};
		279F9D991DCAA8820057BA2B /* Frameworks */ = {
			isa = PBXFrameworksBuildPhase;
			buildActionMask = 2147483647;
			files = (
			);
			runOnlyForDeploymentPostprocessing = 0;
		};
/* End PBXFrameworksBuildPhase section */

/* Begin PBXGroup section */
		279F9D741DCAA8820057BA2B = {
			isa = PBXGroup;
			children = (
				279F9D7F1DCAA8820057BA2B /* calculator */,
				279F9D941DCAA8820057BA2B /* calculatorTests */,
				279F9D9F1DCAA8820057BA2B /* calculatorUITests */,
				279F9D7E1DCAA8820057BA2B /* Products */,
			);
			sourceTree = "<group>";
		};
		279F9D7E1DCAA8820057BA2B /* Products */ = {
			isa = PBXGroup;
			children = (
				279F9D7D1DCAA8820057BA2B /* calculator.app */,
				279F9D911DCAA8820057BA2B /* calculatorTests.xctest */,
				279F9D9C1DCAA8820057BA2B /* calculatorUITests.xctest */,
			);
			name = Products;
			sourceTree = "<group>";
		};
		279F9D7F1DCAA8820057BA2B /* calculator */ = {
			isa = PBXGroup;
			children = (
				279F9D801DCAA8820057BA2B /* AppDelegate.swift */,
				279F9D821DCAA8820057BA2B /* ViewController.swift */,
				279F9D841DCAA8820057BA2B /* Main.storyboard */,
				279F9D871DCAA8820057BA2B /* Assets.xcassets */,
				279F9D891DCAA8820057BA2B /* LaunchScreen.storyboard */,
				279F9D8C1DCAA8820057BA2B /* Info.plist */,
			);
			path = calculator;
			sourceTree = "<group>";
		};
		279F9D941DCAA8820057BA2B /* calculatorTests */ = {
			isa = PBXGroup;
			children = (
				279F9D951DCAA8820057BA2B /* calculatorTests.swift */,
				279F9D971DCAA8820057BA2B /* Info.plist */,
			);
			path = calculatorTests;
			sourceTree = "<group>";
		};
		279F9D9F1DCAA8820057BA2B /* calculatorUITests */ = {
			isa = PBXGroup;
			children = (
				279F9DA01DCAA8820057BA2B /* calculatorUITests.swift */,
				279F9DA21DCAA8820057BA2B /* Info.plist */,
			);
			path = calculatorUITests;
			sourceTree = "<group>";
		};
/* End PBXGroup section */

/* Begin PBXNativeTarget section */
		279F9D7C1DCAA8820057BA2B /* calculator */ = {
			isa = PBXNativeTarget;
			buildConfigurationList = 279F9DA51DCAA8820057BA2B /* Build configuration list for PBXNativeTarget "calculator" */;
			buildPhases = (
				279F9D791DCAA8820057BA2B /* Sources */,
				279F9D7A1DCAA8820057BA2B /* Frameworks */,
				279F9D7B1DCAA8820057BA2B /* Resources */,
			);
			buildRules = (
			);
			dependencies = (
			);
			name = calculator;
			productName = calculator;
			productReference = 279F9D7D1DCAA8820057BA2B /* calculator.app */;
			productType = "com.apple.product-type.application";
		};
		279F9D901DCAA8820057BA2B /* calculatorTests */ = {
			isa = PBXNativeTarget;
			buildConfigurationList = 279F9DA81DCAA8820057BA2B /* Build configuration list for PBXNativeTarget "calculatorTests" */;
			buildPhases = (
				279F9D8D1DCAA8820057BA2B /* Sources */,
				279F9D8E1DCAA8820057BA2B /* Frameworks */,
				279F9D8F1DCAA8820057BA2B /* Resources */,
			);
			buildRules = (
			);
			dependencies = (
				279F9D931DCAA8820057BA2B /* PBXTargetDependency */,
			);
			name = calculatorTests;
			productName = calculatorTests;
			productReference = 279F9D911DCAA8820057BA2B /* calculatorTests.xctest */;
			productType = "com.apple.product-type.bundle.unit-test";
		};
		279F9D9B1DCAA8820057BA2B /* calculatorUITests */ = {
			isa = PBXNativeTarget;
			buildConfigurationList = 279F9DAB1DCAA8820057BA2B /* Build configuration list for PBXNativeTarget "calculatorUITests" */;
			buildPhases = (
				279F9D981DCAA8820057BA2B /* Sources */,
				279F9D991DCAA8820057BA2B /* Frameworks */,
				279F9D9A1DCAA8820057BA2B /* Resources */,
			);
			buildRules = (
			);
			dependencies = (
				279F9D9E1DCAA8820057BA2B /* PBXTargetDependency */,
			);
			name = calculatorUITests;
			productName = calculatorUITests;
			productReference = 279F9D9C1DCAA8820057BA2B /* calculatorUITests.xctest */;
			productType = "com.apple.product-type.bundle.ui-testing";
		};
/* End PBXNativeTarget section */

/* Begin PBXProject section */
		279F9D751DCAA8820057BA2B /* Project object */ = {
			isa = PBXProject;
			attributes = {
				LastSwiftUpdateCheck = 0810;
				LastUpgradeCheck = 0810;
				ORGANIZATIONNAME = "Minh Pham";
				TargetAttributes = {
					279F9D7C1DCAA8820057BA2B = {
						CreatedOnToolsVersion = 8.1;
						ProvisioningStyle = Automatic;
					};
					279F9D901DCAA8820057BA2B = {
						CreatedOnToolsVersion = 8.1;
						ProvisioningStyle = Automatic;
						TestTargetID = 279F9D7C1DCAA8820057BA2B;
					};
					279F9D9B1DCAA8820057BA2B = {
						CreatedOnToolsVersion = 8.1;
						ProvisioningStyle = Automatic;
						TestTargetID = 279F9D7C1DCAA8820057BA2B;
					};
				};
			};
			buildConfigurationList = 279F9D781DCAA8820057BA2B /* Build configuration list for PBXProject "calculator" */;
			compatibilityVersion = "Xcode 3.2";
			developmentRegion = English;
			hasScannedForEncodings = 0;
			knownRegions = (
				en,
				Base,
			);
			mainGroup = 279F9D741DCAA8820057BA2B;
			productRefGroup = 279F9D7E1DCAA8820057BA2B /* Products */;
			projectDirPath = "";
			projectRoot = "";
			targets = (
				279F9D7C1DCAA8820057BA2B /* calculator */,
				279F9D901DCAA8820057BA2B /* calculatorTests */,
				279F9D9B1DCAA8820057BA2B /* calculatorUITests */,
			);
		};
/* End PBXProject section */

/* Begin PBXResourcesBuildPhase section */
		279F9D7B1DCAA8820057BA2B /* Resources */ = {
			isa = PBXResourcesBuildPhase;
			buildActionMask = 2147483647;
			files = (
				279F9D8B1DCAA8820057BA2B /* LaunchScreen.storyboard in Resources */,
				279F9D881DCAA8820057BA2B /* Assets.xcassets in Resources */,
				279F9D861DCAA8820057BA2B /* Main.storyboard in Resources */,
			);
			runOnlyForDeploymentPostprocessing = 0;
		};
		279F9D8F1DCAA8820057BA2B /* Resources */ = {
			isa = PBXResourcesBuildPhase;
			buildActionMask = 2147483647;
			files = (
			);
			runOnlyForDeploymentPostprocessing = 0;
		};
		279F9D9A1DCAA8820057BA2B /* Resources */ = {
			isa = PBXResourcesBuildPhase;
			buildActionMask = 2147483647;
			files = (
			);
			runOnlyForDeploymentPostprocessing = 0;
		};
/* End PBXResourcesBuildPhase section */

/* Begin PBXSourcesBuildPhase section */
		279F9D791DCAA8820057BA2B /* Sources */ = {
			isa = PBXSourcesBuildPhase;
			buildActionMask = 2147483647;
			files = (
				279F9D831DCAA8820057BA2B /* ViewController.swift in Sources */,
				279F9D811DCAA8820057BA2B /* AppDelegate.swift in Sources */,
			);
			runOnlyForDeploymentPostprocessing = 0;
		};
		279F9D8D1DCAA8820057BA2B /* Sources */ = {
			isa = PBXSourcesBuildPhase;
			buildActionMask = 2147483647;
			files = (
				279F9D961DCAA8820057BA2B /* calculatorTests.swift in Sources */,
			);
			runOnlyForDeploymentPostprocessing = 0;
		};
		279F9D981DCAA8820057BA2B /* Sources */ = {
			isa = PBXSourcesBuildPhase;
			buildActionMask = 2147483647;
			files = (
				279F9DA11DCAA8820057BA2B /* calculatorUITests.swift in Sources */,
			);
			runOnlyForDeploymentPostprocessing = 0;
		};
/* End PBXSourcesBuildPhase section */

/* Begin PBXTargetDependency section */
		279F9D931DCAA8820057BA2B /* PBXTargetDependency */ = {
			isa = PBXTargetDependency;
			target = 279F9D7C1DCAA8820057BA2B /* calculator */;
			targetProxy = 279F9D921DCAA8820057BA2B /* PBXContainerItemProxy */;
		};
		279F9D9E1DCAA8820057BA2B /* PBXTargetDependency */ = {
			isa = PBXTargetDependency;
			target = 279F9D7C1DCAA8820057BA2B /* calculator */;
			targetProxy = 279F9D9D1DCAA8820057BA2B /* PBXContainerItemProxy */;
		};
/* End PBXTargetDependency section */

/* Begin PBXVariantGroup section */
		279F9D841DCAA8820057BA2B /* Main.storyboard */ = {
			isa = PBXVariantGroup;
			children = (
				279F9D851DCAA8820057BA2B /* Base */,
			);
			name = Main.storyboard;
			sourceTree = "<group>";
		};
		279F9D891DCAA8820057BA2B /* LaunchScreen.storyboard */ = {
			isa = PBXVariantGroup;
			children = (
				279F9D8A1DCAA8820057BA2B /* Base */,
			);
			name = LaunchScreen.storyboard;
			sourceTree = "<group>";
		};
/* End PBXVariantGroup section */

/* Begin XCBuildConfiguration section */
		279F9DA31DCAA8820057BA2B /* Debug */ = {
			isa = XCBuildConfiguration;
			buildSettings = {
				ALWAYS_SEARCH_USER_PATHS = NO;
				CLANG_ANALYZER_NONNULL = YES;
				CLANG_CXX_LANGUAGE_STANDARD = "gnu++0x";
				CLANG_CXX_LIBRARY = "libc++";
				CLANG_ENABLE_MODULES = YES;
				CLANG_ENABLE_OBJC_ARC = YES;
				CLANG_WARN_BOOL_CONVERSION = YES;
				CLANG_WARN_CONSTANT_CONVERSION = YES;
				CLANG_WARN_DIRECT_OBJC_ISA_USAGE = YES_ERROR;
				CLANG_WARN_DOCUMENTATION_COMMENTS = YES;
				CLANG_WARN_EMPTY_BODY = YES;
				CLANG_WARN_ENUM_CONVERSION = YES;
				CLANG_WARN_INFINITE_RECURSION = YES;
				CLANG_WARN_INT_CONVERSION = YES;
				CLANG_WARN_OBJC_ROOT_CLASS = YES_ERROR;
				CLANG_WARN_SUSPICIOUS_MOVES = YES;
				CLANG_WARN_UNREACHABLE_CODE = YES;
				CLANG_WARN__DUPLICATE_METHOD_MATCH = YES;
				"CODE_SIGN_IDENTITY[sdk=iphoneos*]" = "iPhone Developer";
				COPY_PHASE_STRIP = NO;
				DEBUG_INFORMATION_FORMAT = dwarf;
				ENABLE_STRICT_OBJC_MSGSEND = YES;
				ENABLE_TESTABILITY = YES;
				GCC_C_LANGUAGE_STANDARD = gnu99;
				GCC_DYNAMIC_NO_PIC = NO;
				GCC_NO_COMMON_BLOCKS = YES;
				GCC_OPTIMIZATION_LEVEL = 0;
				GCC_PREPROCESSOR_DEFINITIONS = (
					"DEBUG=1",
					"$(inherited)",
				);
				GCC_WARN_64_TO_32_BIT_CONVERSION = YES;
				GCC_WARN_ABOUT_RETURN_TYPE = YES_ERROR;
				GCC_WARN_UNDECLARED_SELECTOR = YES;
				GCC_WARN_UNINITIALIZED_AUTOS = YES_AGGRESSIVE;
				GCC_WARN_UNUSED_FUNCTION = YES;
				GCC_WARN_UNUSED_VARIABLE = YES;
				IPHONEOS_DEPLOYMENT_TARGET = 10.1;
				MTL_ENABLE_DEBUG_INFO = YES;
				ONLY_ACTIVE_ARCH = YES;
				SDKROOT = iphoneos;
				SWIFT_ACTIVE_COMPILATION_CONDITIONS = DEBUG;
				SWIFT_OPTIMIZATION_LEVEL = "-Onone";
				TARGETED_DEVICE_FAMILY = "1,2";
			};
			name = Debug;
		};
		279F9DA41DCAA8820057BA2B /* Release */ = {
			isa = XCBuildConfiguration;
			buildSettings = {
				ALWAYS_SEARCH_USER_PATHS = NO;
				CLANG_ANALYZER_NONNULL = YES;
				CLANG_CXX_LANGUAGE_STANDARD = "gnu++0x";
				CLANG_CXX_LIBRARY = "libc++";
				CLANG_ENABLE_MODULES = YES;
				CLANG_ENABLE_OBJC_ARC = YES;
				CLANG_WARN_BOOL_CONVERSION = YES;
				CLANG_WARN_CONSTANT_CONVERSION = YES;
				CLANG_WARN_DIRECT_OBJC_ISA_USAGE = YES_ERROR;
				CLANG_WARN_DOCUMENTATION_COMMENTS = YES;
				CLANG_WARN_EMPTY_BODY = YES;
				CLANG_WARN_ENUM_CONVERSION = YES;
				CLANG_WARN_INFINITE_RECURSION = YES;
				CLANG_WARN_INT_CONVERSION = YES;
				CLANG_WARN_OBJC_ROOT_CLASS = YES_ERROR;
				CLANG_WARN_SUSPICIOUS_MOVES = YES;
				CLANG_WARN_UNREACHABLE_CODE = YES;
				CLANG_WARN__DUPLICATE_METHOD_MATCH = YES;
				"CODE_SIGN_IDENTITY[sdk=iphoneos*]" = "iPhone Developer";
				COPY_PHASE_STRIP = NO;
				DEBUG_INFORMATION_FORMAT = "dwarf-with-dsym";
				ENABLE_NS_ASSERTIONS = NO;
				ENABLE_STRICT_OBJC_MSGSEND = YES;
				GCC_C_LANGUAGE_STANDARD = gnu99;
				GCC_NO_COMMON_BLOCKS = YES;
				GCC_WARN_64_TO_32_BIT_CONVERSION = YES;
				GCC_WARN_ABOUT_RETURN_TYPE = YES_ERROR;
				GCC_WARN_UNDECLARED_SELECTOR = YES;
				GCC_WARN_UNINITIALIZED_AUTOS = YES_AGGRESSIVE;
				GCC_WARN_UNUSED_FUNCTION = YES;
				GCC_WARN_UNUSED_VARIABLE = YES;
				IPHONEOS_DEPLOYMENT_TARGET = 10.1;
				MTL_ENABLE_DEBUG_INFO = NO;
				SDKROOT = iphoneos;
				SWIFT_OPTIMIZATION_LEVEL = "-Owholemodule";
				TARGETED_DEVICE_FAMILY = "1,2";
				VALIDATE_PRODUCT = YES;
			};
			name = Release;
		};
		279F9DA61DCAA8820057BA2B /* Debug */ = {
			isa = XCBuildConfiguration;
			buildSettings = {
				ASSETCATALOG_COMPILER_APPICON_NAME = AppIcon;
				INFOPLIST_FILE = calculator/Info.plist;
				LD_RUNPATH_SEARCH_PATHS = "$(inherited) @executable_path/Frameworks";
				PRODUCT_BUNDLE_IDENTIFIER = "intro-to-ios.calculator";
				PRODUCT_NAME = "$(TARGET_NAME)";
				SWIFT_VERSION = 3.0;
			};
			name = Debug;
		};
		279F9DA71DCAA8820057BA2B /* Release */ = {
			isa = XCBuildConfiguration;
			buildSettings = {
				ASSETCATALOG_COMPILER_APPICON_NAME = AppIcon;
				INFOPLIST_FILE = calculator/Info.plist;
				LD_RUNPATH_SEARCH_PATHS = "$(inherited) @executable_path/Frameworks";
				PRODUCT_BUNDLE_IDENTIFIER = "intro-to-ios.calculator";
				PRODUCT_NAME = "$(TARGET_NAME)";
				SWIFT_VERSION = 3.0;
			};
			name = Release;
		};
		279F9DA91DCAA8820057BA2B /* Debug */ = {
			isa = XCBuildConfiguration;
			buildSettings = {
				ALWAYS_EMBED_SWIFT_STANDARD_LIBRARIES = YES;
				BUNDLE_LOADER = "$(TEST_HOST)";
				INFOPLIST_FILE = calculatorTests/Info.plist;
				LD_RUNPATH_SEARCH_PATHS = "$(inherited) @executable_path/Frameworks @loader_path/Frameworks";
				PRODUCT_BUNDLE_IDENTIFIER = "intro-to-ios.calculatorTests";
				PRODUCT_NAME = "$(TARGET_NAME)";
				SWIFT_VERSION = 3.0;
				TEST_HOST = "$(BUILT_PRODUCTS_DIR)/calculator.app/calculator";
			};
			name = Debug;
		};
		279F9DAA1DCAA8820057BA2B /* Release */ = {
			isa = XCBuildConfiguration;
			buildSettings = {
				ALWAYS_EMBED_SWIFT_STANDARD_LIBRARIES = YES;
				BUNDLE_LOADER = "$(TEST_HOST)";
				INFOPLIST_FILE = calculatorTests/Info.plist;
				LD_RUNPATH_SEARCH_PATHS = "$(inherited) @executable_path/Frameworks @loader_path/Frameworks";
				PRODUCT_BUNDLE_IDENTIFIER = "intro-to-ios.calculatorTests";
				PRODUCT_NAME = "$(TARGET_NAME)";
				SWIFT_VERSION = 3.0;
				TEST_HOST = "$(BUILT_PRODUCTS_DIR)/calculator.app/calculator";
			};
			name = Release;
		};
		279F9DAC1DCAA8820057BA2B /* Debug */ = {
			isa = XCBuildConfiguration;
			buildSettings = {
				ALWAYS_EMBED_SWIFT_STANDARD_LIBRARIES = YES;
				INFOPLIST_FILE = calculatorUITests/Info.plist;
				LD_RUNPATH_SEARCH_PATHS = "$(inherited) @executable_path/Frameworks @loader_path/Frameworks";
				PRODUCT_BUNDLE_IDENTIFIER = "intro-to-ios.calculatorUITests";
				PRODUCT_NAME = "$(TARGET_NAME)";
				SWIFT_VERSION = 3.0;
				TEST_TARGET_NAME = calculator;
			};
			name = Debug;
		};
		279F9DAD1DCAA8820057BA2B /* Release */ = {
			isa = XCBuildConfiguration;
			buildSettings = {
				ALWAYS_EMBED_SWIFT_STANDARD_LIBRARIES = YES;
				INFOPLIST_FILE = calculatorUITests/Info.plist;
				LD_RUNPATH_SEARCH_PATHS = "$(inherited) @executable_path/Frameworks @loader_path/Frameworks";
				PRODUCT_BUNDLE_IDENTIFIER = "intro-to-ios.calculatorUITests";
				PRODUCT_NAME = "$(TARGET_NAME)";
				SWIFT_VERSION = 3.0;
				TEST_TARGET_NAME = calculator;
			};
			name = Release;
		};
/* End XCBuildConfiguration section */

/* Begin XCConfigurationList section */
		279F9D781DCAA8820057BA2B /* Build configuration list for PBXProject "calculator" */ = {
			isa = XCConfigurationList;
			buildConfigurations = (
				279F9DA31DCAA8820057BA2B /* Debug */,
				279F9DA41DCAA8820057BA2B /* Release */,
			);
			defaultConfigurationIsVisible = 0;
			defaultConfigurationName = Release;
		};
		279F9DA51DCAA8820057BA2B /* Build configuration list for PBXNativeTarget "calculator" */ = {
			isa = XCConfigurationList;
			buildConfigurations = (
				279F9DA61DCAA8820057BA2B /* Debug */,
				279F9DA71DCAA8820057BA2B /* Release */,
			);
			defaultConfigurationIsVisible = 0;
		};
		279F9DA81DCAA8820057BA2B /* Build configuration list for PBXNativeTarget "calculatorTests" */ = {
			isa = XCConfigurationList;
			buildConfigurations = (
				279F9DA91DCAA8820057BA2B /* Debug */,
				279F9DAA1DCAA8820057BA2B /* Release */,
			);
			defaultConfigurationIsVisible = 0;
		};
		279F9DAB1DCAA8820057BA2B /* Build configuration list for PBXNativeTarget "calculatorUITests" */ = {
			isa = XCConfigurationList;
			buildConfigurations = (
				279F9DAC1DCAA8820057BA2B /* Debug */,
				279F9DAD1DCAA8820057BA2B /* Release */,
			);
			defaultConfigurationIsVisible = 0;
		};
/* End XCConfigurationList section */
	};
	rootObject = 279F9D751DCAA8820057BA2B /* Project object */;
}
