// !$*UTF8*$!
{
	archiveVersion = 1;
	classes = {
	};
	objectVersion = 46;
	objects = {

/* Begin PBXBuildFile section */
		278130651DC9542000788771 /* AppDelegate.swift in Sources */ = {isa = PBXBuildFile; fileRef = 278130641DC9542000788771 /* AppDelegate.swift */; };
		278130671DC9542000788771 /* ViewController.swift in Sources */ = {isa = PBXBuildFile; fileRef = 278130661DC9542000788771 /* ViewController.swift */; };
		2781306A1DC9542000788771 /* Main.storyboard in Resources */ = {isa = PBXBuildFile; fileRef = 278130681DC9542000788771 /* Main.storyboard */; };
		2781306C1DC9542000788771 /* Assets.xcassets in Resources */ = {isa = PBXBuildFile; fileRef = 2781306B1DC9542000788771 /* Assets.xcassets */; };
		2781306F1DC9542000788771 /* LaunchScreen.storyboard in Resources */ = {isa = PBXBuildFile; fileRef = 2781306D1DC9542000788771 /* LaunchScreen.storyboard */; };
		2781307A1DC9542000788771 /* stack_viewsTests.swift in Sources */ = {isa = PBXBuildFile; fileRef = 278130791DC9542000788771 /* stack_viewsTests.swift */; };
		278130851DC9542000788771 /* stack_viewsUITests.swift in Sources */ = {isa = PBXBuildFile; fileRef = 278130841DC9542000788771 /* stack_viewsUITests.swift */; };
/* End PBXBuildFile section */

/* Begin PBXContainerItemProxy section */
		278130761DC9542000788771 /* PBXContainerItemProxy */ = {
			isa = PBXContainerItemProxy;
			containerPortal = 278130591DC9541F00788771 /* Project object */;
			proxyType = 1;
			remoteGlobalIDString = 278130601DC9541F00788771;
			remoteInfo = stack_views;
		};
		278130811DC9542000788771 /* PBXContainerItemProxy */ = {
			isa = PBXContainerItemProxy;
			containerPortal = 278130591DC9541F00788771 /* Project object */;
			proxyType = 1;
			remoteGlobalIDString = 278130601DC9541F00788771;
			remoteInfo = stack_views;
		};
/* End PBXContainerItemProxy section */

/* Begin PBXFileReference section */
		278130611DC9541F00788771 /* stack_views.app */ = {isa = PBXFileReference; explicitFileType = wrapper.application; includeInIndex = 0; path = stack_views.app; sourceTree = BUILT_PRODUCTS_DIR; };
		278130641DC9542000788771 /* AppDelegate.swift */ = {isa = PBXFileReference; lastKnownFileType = sourcecode.swift; path = AppDelegate.swift; sourceTree = "<group>"; };
		278130661DC9542000788771 /* ViewController.swift */ = {isa = PBXFileReference; lastKnownFileType = sourcecode.swift; path = ViewController.swift; sourceTree = "<group>"; };
		278130691DC9542000788771 /* Base */ = {isa = PBXFileReference; lastKnownFileType = file.storyboard; name = Base; path = Base.lproj/Main.storyboard; sourceTree = "<group>"; };
		2781306B1DC9542000788771 /* Assets.xcassets */ = {isa = PBXFileReference; lastKnownFileType = folder.assetcatalog; path = Assets.xcassets; sourceTree = "<group>"; };
		2781306E1DC9542000788771 /* Base */ = {isa = PBXFileReference; lastKnownFileType = file.storyboard; name = Base; path = Base.lproj/LaunchScreen.storyboard; sourceTree = "<group>"; };
		278130701DC9542000788771 /* Info.plist */ = {isa = PBXFileReference; lastKnownFileType = text.plist.xml; path = Info.plist; sourceTree = "<group>"; };
		278130751DC9542000788771 /* stack_viewsTests.xctest */ = {isa = PBXFileReference; explicitFileType = wrapper.cfbundle; includeInIndex = 0; path = stack_viewsTests.xctest; sourceTree = BUILT_PRODUCTS_DIR; };
		278130791DC9542000788771 /* stack_viewsTests.swift */ = {isa = PBXFileReference; lastKnownFileType = sourcecode.swift; path = stack_viewsTests.swift; sourceTree = "<group>"; };
		2781307B1DC9542000788771 /* Info.plist */ = {isa = PBXFileReference; lastKnownFileType = text.plist.xml; path = Info.plist; sourceTree = "<group>"; };
		278130801DC9542000788771 /* stack_viewsUITests.xctest */ = {isa = PBXFileReference; explicitFileType = wrapper.cfbundle; includeInIndex = 0; path = stack_viewsUITests.xctest; sourceTree = BUILT_PRODUCTS_DIR; };
		278130841DC9542000788771 /* stack_viewsUITests.swift */ = {isa = PBXFileReference; lastKnownFileType = sourcecode.swift; path = stack_viewsUITests.swift; sourceTree = "<group>"; };
		278130861DC9542000788771 /* Info.plist */ = {isa = PBXFileReference; lastKnownFileType = text.plist.xml; path = Info.plist; sourceTree = "<group>"; };
/* End PBXFileReference section */

/* Begin PBXFrameworksBuildPhase section */
		2781305E1DC9541F00788771 /* Frameworks */ = {
			isa = PBXFrameworksBuildPhase;
			buildActionMask = 2147483647;
			files = (
			);
			runOnlyForDeploymentPostprocessing = 0;
		};
		278130721DC9542000788771 /* Frameworks */ = {
			isa = PBXFrameworksBuildPhase;
			buildActionMask = 2147483647;
			files = (
			);
			runOnlyForDeploymentPostprocessing = 0;
		};
		2781307D1DC9542000788771 /* Frameworks */ = {
			isa = PBXFrameworksBuildPhase;
			buildActionMask = 2147483647;
			files = (
			);
			runOnlyForDeploymentPostprocessing = 0;
		};
/* End PBXFrameworksBuildPhase section */

/* Begin PBXGroup section */
		278130581DC9541F00788771 = {
			isa = PBXGroup;
			children = (
				278130631DC9541F00788771 /* stack_views */,
				278130781DC9542000788771 /* stack_viewsTests */,
				278130831DC9542000788771 /* stack_viewsUITests */,
				278130621DC9541F00788771 /* Products */,
			);
			sourceTree = "<group>";
		};
		278130621DC9541F00788771 /* Products */ = {
			isa = PBXGroup;
			children = (
				278130611DC9541F00788771 /* stack_views.app */,
				278130751DC9542000788771 /* stack_viewsTests.xctest */,
				278130801DC9542000788771 /* stack_viewsUITests.xctest */,
			);
			name = Products;
			sourceTree = "<group>";
		};
		278130631DC9541F00788771 /* stack_views */ = {
			isa = PBXGroup;
			children = (
				278130641DC9542000788771 /* AppDelegate.swift */,
				278130661DC9542000788771 /* ViewController.swift */,
				278130681DC9542000788771 /* Main.storyboard */,
				2781306B1DC9542000788771 /* Assets.xcassets */,
				2781306D1DC9542000788771 /* LaunchScreen.storyboard */,
				278130701DC9542000788771 /* Info.plist */,
			);
			path = stack_views;
			sourceTree = "<group>";
		};
		278130781DC9542000788771 /* stack_viewsTests */ = {
			isa = PBXGroup;
			children = (
				278130791DC9542000788771 /* stack_viewsTests.swift */,
				2781307B1DC9542000788771 /* Info.plist */,
			);
			path = stack_viewsTests;
			sourceTree = "<group>";
		};
		278130831DC9542000788771 /* stack_viewsUITests */ = {
			isa = PBXGroup;
			children = (
				278130841DC9542000788771 /* stack_viewsUITests.swift */,
				278130861DC9542000788771 /* Info.plist */,
			);
			path = stack_viewsUITests;
			sourceTree = "<group>";
		};
/* End PBXGroup section */

/* Begin PBXNativeTarget section */
		278130601DC9541F00788771 /* stack_views */ = {
			isa = PBXNativeTarget;
			buildConfigurationList = 278130891DC9542000788771 /* Build configuration list for PBXNativeTarget "stack_views" */;
			buildPhases = (
				2781305D1DC9541F00788771 /* Sources */,
				2781305E1DC9541F00788771 /* Frameworks */,
				2781305F1DC9541F00788771 /* Resources */,
			);
			buildRules = (
			);
			dependencies = (
			);
			name = stack_views;
			productName = stack_views;
			productReference = 278130611DC9541F00788771 /* stack_views.app */;
			productType = "com.apple.product-type.application";
		};
		278130741DC9542000788771 /* stack_viewsTests */ = {
			isa = PBXNativeTarget;
			buildConfigurationList = 2781308C1DC9542000788771 /* Build configuration list for PBXNativeTarget "stack_viewsTests" */;
			buildPhases = (
				278130711DC9542000788771 /* Sources */,
				278130721DC9542000788771 /* Frameworks */,
				278130731DC9542000788771 /* Resources */,
			);
			buildRules = (
			);
			dependencies = (
				278130771DC9542000788771 /* PBXTargetDependency */,
			);
			name = stack_viewsTests;
			productName = stack_viewsTests;
			productReference = 278130751DC9542000788771 /* stack_viewsTests.xctest */;
			productType = "com.apple.product-type.bundle.unit-test";
		};
		2781307F1DC9542000788771 /* stack_viewsUITests */ = {
			isa = PBXNativeTarget;
			buildConfigurationList = 2781308F1DC9542000788771 /* Build configuration list for PBXNativeTarget "stack_viewsUITests" */;
			buildPhases = (
				2781307C1DC9542000788771 /* Sources */,
				2781307D1DC9542000788771 /* Frameworks */,
				2781307E1DC9542000788771 /* Resources */,
			);
			buildRules = (
			);
			dependencies = (
				278130821DC9542000788771 /* PBXTargetDependency */,
			);
			name = stack_viewsUITests;
			productName = stack_viewsUITests;
			productReference = 278130801DC9542000788771 /* stack_viewsUITests.xctest */;
			productType = "com.apple.product-type.bundle.ui-testing";
		};
/* End PBXNativeTarget section */

/* Begin PBXProject section */
		278130591DC9541F00788771 /* Project object */ = {
			isa = PBXProject;
			attributes = {
				LastSwiftUpdateCheck = 0810;
				LastUpgradeCheck = 0810;
				ORGANIZATIONNAME = "Minh Pham";
				TargetAttributes = {
					278130601DC9541F00788771 = {
						CreatedOnToolsVersion = 8.1;
						ProvisioningStyle = Automatic;
					};
					278130741DC9542000788771 = {
						CreatedOnToolsVersion = 8.1;
						ProvisioningStyle = Automatic;
						TestTargetID = 278130601DC9541F00788771;
					};
					2781307F1DC9542000788771 = {
						CreatedOnToolsVersion = 8.1;
						ProvisioningStyle = Automatic;
						TestTargetID = 278130601DC9541F00788771;
					};
				};
			};
			buildConfigurationList = 2781305C1DC9541F00788771 /* Build configuration list for PBXProject "stack_views" */;
			compatibilityVersion = "Xcode 3.2";
			developmentRegion = English;
			hasScannedForEncodings = 0;
			knownRegions = (
				en,
				Base,
			);
			mainGroup = 278130581DC9541F00788771;
			productRefGroup = 278130621DC9541F00788771 /* Products */;
			projectDirPath = "";
			projectRoot = "";
			targets = (
				278130601DC9541F00788771 /* stack_views */,
				278130741DC9542000788771 /* stack_viewsTests */,
				2781307F1DC9542000788771 /* stack_viewsUITests */,
			);
		};
/* End PBXProject section */

/* Begin PBXResourcesBuildPhase section */
		2781305F1DC9541F00788771 /* Resources */ = {
			isa = PBXResourcesBuildPhase;
			buildActionMask = 2147483647;
			files = (
				2781306F1DC9542000788771 /* LaunchScreen.storyboard in Resources */,
				2781306C1DC9542000788771 /* Assets.xcassets in Resources */,
				2781306A1DC9542000788771 /* Main.storyboard in Resources */,
			);
			runOnlyForDeploymentPostprocessing = 0;
		};
		278130731DC9542000788771 /* Resources */ = {
			isa = PBXResourcesBuildPhase;
			buildActionMask = 2147483647;
			files = (
			);
			runOnlyForDeploymentPostprocessing = 0;
		};
		2781307E1DC9542000788771 /* Resources */ = {
			isa = PBXResourcesBuildPhase;
			buildActionMask = 2147483647;
			files = (
			);
			runOnlyForDeploymentPostprocessing = 0;
		};
/* End PBXResourcesBuildPhase section */

/* Begin PBXSourcesBuildPhase section */
		2781305D1DC9541F00788771 /* Sources */ = {
			isa = PBXSourcesBuildPhase;
			buildActionMask = 2147483647;
			files = (
				278130671DC9542000788771 /* ViewController.swift in Sources */,
				278130651DC9542000788771 /* AppDelegate.swift in Sources */,
			);
			runOnlyForDeploymentPostprocessing = 0;
		};
		278130711DC9542000788771 /* Sources */ = {
			isa = PBXSourcesBuildPhase;
			buildActionMask = 2147483647;
			files = (
				2781307A1DC9542000788771 /* stack_viewsTests.swift in Sources */,
			);
			runOnlyForDeploymentPostprocessing = 0;
		};
		2781307C1DC9542000788771 /* Sources */ = {
			isa = PBXSourcesBuildPhase;
			buildActionMask = 2147483647;
			files = (
				278130851DC9542000788771 /* stack_viewsUITests.swift in Sources */,
			);
			runOnlyForDeploymentPostprocessing = 0;
		};
/* End PBXSourcesBuildPhase section */

/* Begin PBXTargetDependency section */
		278130771DC9542000788771 /* PBXTargetDependency */ = {
			isa = PBXTargetDependency;
			target = 278130601DC9541F00788771 /* stack_views */;
			targetProxy = 278130761DC9542000788771 /* PBXContainerItemProxy */;
		};
		278130821DC9542000788771 /* PBXTargetDependency */ = {
			isa = PBXTargetDependency;
			target = 278130601DC9541F00788771 /* stack_views */;
			targetProxy = 278130811DC9542000788771 /* PBXContainerItemProxy */;
		};
/* End PBXTargetDependency section */

/* Begin PBXVariantGroup section */
		278130681DC9542000788771 /* Main.storyboard */ = {
			isa = PBXVariantGroup;
			children = (
				278130691DC9542000788771 /* Base */,
			);
			name = Main.storyboard;
			sourceTree = "<group>";
		};
		2781306D1DC9542000788771 /* LaunchScreen.storyboard */ = {
			isa = PBXVariantGroup;
			children = (
				2781306E1DC9542000788771 /* Base */,
			);
			name = LaunchScreen.storyboard;
			sourceTree = "<group>";
		};
/* End PBXVariantGroup section */

/* Begin XCBuildConfiguration section */
		278130871DC9542000788771 /* Debug */ = {
			isa = XCBuildConfiguration;
			buildSettings = {
				ALWAYS_SEARCH_USER_PATHS = NO;
				CLANG_ANALYZER_NONNULL = YES;
				CLANG_CXX_LANGUAGE_STANDARD = "gnu++0x";
				CLANG_CXX_LIBRARY = "libc++";
				CLANG_ENABLE_MODULES = YES;
				CLANG_ENABLE_OBJC_ARC = YES;
				CLANG_WARN_BOOL_CONVERSION = YES;
				CLANG_WARN_CONSTANT_CONVERSION = YES;
				CLANG_WARN_DIRECT_OBJC_ISA_USAGE = YES_ERROR;
				CLANG_WARN_DOCUMENTATION_COMMENTS = YES;
				CLANG_WARN_EMPTY_BODY = YES;
				CLANG_WARN_ENUM_CONVERSION = YES;
				CLANG_WARN_INFINITE_RECURSION = YES;
				CLANG_WARN_INT_CONVERSION = YES;
				CLANG_WARN_OBJC_ROOT_CLASS = YES_ERROR;
				CLANG_WARN_SUSPICIOUS_MOVES = YES;
				CLANG_WARN_UNREACHABLE_CODE = YES;
				CLANG_WARN__DUPLICATE_METHOD_MATCH = YES;
				"CODE_SIGN_IDENTITY[sdk=iphoneos*]" = "iPhone Developer";
				COPY_PHASE_STRIP = NO;
				DEBUG_INFORMATION_FORMAT = dwarf;
				ENABLE_STRICT_OBJC_MSGSEND = YES;
				ENABLE_TESTABILITY = YES;
				GCC_C_LANGUAGE_STANDARD = gnu99;
				GCC_DYNAMIC_NO_PIC = NO;
				GCC_NO_COMMON_BLOCKS = YES;
				GCC_OPTIMIZATION_LEVEL = 0;
				GCC_PREPROCESSOR_DEFINITIONS = (
					"DEBUG=1",
					"$(inherited)",
				);
				GCC_WARN_64_TO_32_BIT_CONVERSION = YES;
				GCC_WARN_ABOUT_RETURN_TYPE = YES_ERROR;
				GCC_WARN_UNDECLARED_SELECTOR = YES;
				GCC_WARN_UNINITIALIZED_AUTOS = YES_AGGRESSIVE;
				GCC_WARN_UNUSED_FUNCTION = YES;
				GCC_WARN_UNUSED_VARIABLE = YES;
				IPHONEOS_DEPLOYMENT_TARGET = 10.1;
				MTL_ENABLE_DEBUG_INFO = YES;
				ONLY_ACTIVE_ARCH = YES;
				SDKROOT = iphoneos;
				SWIFT_ACTIVE_COMPILATION_CONDITIONS = DEBUG;
				SWIFT_OPTIMIZATION_LEVEL = "-Onone";
				TARGETED_DEVICE_FAMILY = "1,2";
			};
			name = Debug;
		};
		278130881DC9542000788771 /* Release */ = {
			isa = XCBuildConfiguration;
			buildSettings = {
				ALWAYS_SEARCH_USER_PATHS = NO;
				CLANG_ANALYZER_NONNULL = YES;
				CLANG_CXX_LANGUAGE_STANDARD = "gnu++0x";
				CLANG_CXX_LIBRARY = "libc++";
				CLANG_ENABLE_MODULES = YES;
				CLANG_ENABLE_OBJC_ARC = YES;
				CLANG_WARN_BOOL_CONVERSION = YES;
				CLANG_WARN_CONSTANT_CONVERSION = YES;
				CLANG_WARN_DIRECT_OBJC_ISA_USAGE = YES_ERROR;
				CLANG_WARN_DOCUMENTATION_COMMENTS = YES;
				CLANG_WARN_EMPTY_BODY = YES;
				CLANG_WARN_ENUM_CONVERSION = YES;
				CLANG_WARN_INFINITE_RECURSION = YES;
				CLANG_WARN_INT_CONVERSION = YES;
				CLANG_WARN_OBJC_ROOT_CLASS = YES_ERROR;
				CLANG_WARN_SUSPICIOUS_MOVES = YES;
				CLANG_WARN_UNREACHABLE_CODE = YES;
				CLANG_WARN__DUPLICATE_METHOD_MATCH = YES;
				"CODE_SIGN_IDENTITY[sdk=iphoneos*]" = "iPhone Developer";
				COPY_PHASE_STRIP = NO;
				DEBUG_INFORMATION_FORMAT = "dwarf-with-dsym";
				ENABLE_NS_ASSERTIONS = NO;
				ENABLE_STRICT_OBJC_MSGSEND = YES;
				GCC_C_LANGUAGE_STANDARD = gnu99;
				GCC_NO_COMMON_BLOCKS = YES;
				GCC_WARN_64_TO_32_BIT_CONVERSION = YES;
				GCC_WARN_ABOUT_RETURN_TYPE = YES_ERROR;
				GCC_WARN_UNDECLARED_SELECTOR = YES;
				GCC_WARN_UNINITIALIZED_AUTOS = YES_AGGRESSIVE;
				GCC_WARN_UNUSED_FUNCTION = YES;
				GCC_WARN_UNUSED_VARIABLE = YES;
				IPHONEOS_DEPLOYMENT_TARGET = 10.1;
				MTL_ENABLE_DEBUG_INFO = NO;
				SDKROOT = iphoneos;
				SWIFT_OPTIMIZATION_LEVEL = "-Owholemodule";
				TARGETED_DEVICE_FAMILY = "1,2";
				VALIDATE_PRODUCT = YES;
			};
			name = Release;
		};
		2781308A1DC9542000788771 /* Debug */ = {
			isa = XCBuildConfiguration;
			buildSettings = {
				ASSETCATALOG_COMPILER_APPICON_NAME = AppIcon;
				INFOPLIST_FILE = stack_views/Info.plist;
				LD_RUNPATH_SEARCH_PATHS = "$(inherited) @executable_path/Frameworks";
				PRODUCT_BUNDLE_IDENTIFIER = "intro-to-ios.stack-views";
				PRODUCT_NAME = "$(TARGET_NAME)";
				SWIFT_VERSION = 3.0;
			};
			name = Debug;
		};
		2781308B1DC9542000788771 /* Release */ = {
			isa = XCBuildConfiguration;
			buildSettings = {
				ASSETCATALOG_COMPILER_APPICON_NAME = AppIcon;
				INFOPLIST_FILE = stack_views/Info.plist;
				LD_RUNPATH_SEARCH_PATHS = "$(inherited) @executable_path/Frameworks";
				PRODUCT_BUNDLE_IDENTIFIER = "intro-to-ios.stack-views";
				PRODUCT_NAME = "$(TARGET_NAME)";
				SWIFT_VERSION = 3.0;
			};
			name = Release;
		};
		2781308D1DC9542000788771 /* Debug */ = {
			isa = XCBuildConfiguration;
			buildSettings = {
				ALWAYS_EMBED_SWIFT_STANDARD_LIBRARIES = YES;
				BUNDLE_LOADER = "$(TEST_HOST)";
				INFOPLIST_FILE = stack_viewsTests/Info.plist;
				LD_RUNPATH_SEARCH_PATHS = "$(inherited) @executable_path/Frameworks @loader_path/Frameworks";
				PRODUCT_BUNDLE_IDENTIFIER = "intro-to-ios.stack-viewsTests";
				PRODUCT_NAME = "$(TARGET_NAME)";
				SWIFT_VERSION = 3.0;
				TEST_HOST = "$(BUILT_PRODUCTS_DIR)/stack_views.app/stack_views";
			};
			name = Debug;
		};
		2781308E1DC9542000788771 /* Release */ = {
			isa = XCBuildConfiguration;
			buildSettings = {
				ALWAYS_EMBED_SWIFT_STANDARD_LIBRARIES = YES;
				BUNDLE_LOADER = "$(TEST_HOST)";
				INFOPLIST_FILE = stack_viewsTests/Info.plist;
				LD_RUNPATH_SEARCH_PATHS = "$(inherited) @executable_path/Frameworks @loader_path/Frameworks";
				PRODUCT_BUNDLE_IDENTIFIER = "intro-to-ios.stack-viewsTests";
				PRODUCT_NAME = "$(TARGET_NAME)";
				SWIFT_VERSION = 3.0;
				TEST_HOST = "$(BUILT_PRODUCTS_DIR)/stack_views.app/stack_views";
			};
			name = Release;
		};
		278130901DC9542000788771 /* Debug */ = {
			isa = XCBuildConfiguration;
			buildSettings = {
				ALWAYS_EMBED_SWIFT_STANDARD_LIBRARIES = YES;
				INFOPLIST_FILE = stack_viewsUITests/Info.plist;
				LD_RUNPATH_SEARCH_PATHS = "$(inherited) @executable_path/Frameworks @loader_path/Frameworks";
				PRODUCT_BUNDLE_IDENTIFIER = "intro-to-ios.stack-viewsUITests";
				PRODUCT_NAME = "$(TARGET_NAME)";
				SWIFT_VERSION = 3.0;
				TEST_TARGET_NAME = stack_views;
			};
			name = Debug;
		};
		278130911DC9542000788771 /* Release */ = {
			isa = XCBuildConfiguration;
			buildSettings = {
				ALWAYS_EMBED_SWIFT_STANDARD_LIBRARIES = YES;
				INFOPLIST_FILE = stack_viewsUITests/Info.plist;
				LD_RUNPATH_SEARCH_PATHS = "$(inherited) @executable_path/Frameworks @loader_path/Frameworks";
				PRODUCT_BUNDLE_IDENTIFIER = "intro-to-ios.stack-viewsUITests";
				PRODUCT_NAME = "$(TARGET_NAME)";
				SWIFT_VERSION = 3.0;
				TEST_TARGET_NAME = stack_views;
			};
			name = Release;
		};
/* End XCBuildConfiguration section */

/* Begin XCConfigurationList section */
		2781305C1DC9541F00788771 /* Build configuration list for PBXProject "stack_views" */ = {
			isa = XCConfigurationList;
			buildConfigurations = (
				278130871DC9542000788771 /* Debug */,
				278130881DC9542000788771 /* Release */,
			);
			defaultConfigurationIsVisible = 0;
			defaultConfigurationName = Release;
		};
		278130891DC9542000788771 /* Build configuration list for PBXNativeTarget "stack_views" */ = {
			isa = XCConfigurationList;
			buildConfigurations = (
				2781308A1DC9542000788771 /* Debug */,
				2781308B1DC9542000788771 /* Release */,
			);
			defaultConfigurationIsVisible = 0;
		};
		2781308C1DC9542000788771 /* Build configuration list for PBXNativeTarget "stack_viewsTests" */ = {
			isa = XCConfigurationList;
			buildConfigurations = (
				2781308D1DC9542000788771 /* Debug */,
				2781308E1DC9542000788771 /* Release */,
			);
			defaultConfigurationIsVisible = 0;
		};
		2781308F1DC9542000788771 /* Build configuration list for PBXNativeTarget "stack_viewsUITests" */ = {
			isa = XCConfigurationList;
			buildConfigurations = (
				278130901DC9542000788771 /* Debug */,
				278130911DC9542000788771 /* Release */,
			);
			defaultConfigurationIsVisible = 0;
		};
/* End XCConfigurationList section */
	};
	rootObject = 278130591DC9541F00788771 /* Project object */;
}
